<?xml version="1.0" encoding="utf-8"?>
<Project ToolsVersion="16.0" xmlns="http://schemas.microsoft.com/developer/msbuild/2003">
  <ItemGroup>
    <ClCompile Include="C:\Users\jachu\Downloads\draco-1.2.0\draco-1.2.0\src\draco\core\bit_coders\adaptive_rans_bit_decoder.cc">
      <Filter>Source Files</Filter>
    </ClCompile>
    <ClCompile Include="C:\Users\jachu\Downloads\draco-1.2.0\draco-1.2.0\src\draco\core\bit_coders\adaptive_rans_bit_encoder.cc">
      <Filter>Source Files</Filter>
    </ClCompile>
    <ClCompile Include="C:\Users\jachu\Downloads\draco-1.2.0\draco-1.2.0\src\draco\core\bit_coders\direct_bit_decoder.cc">
      <Filter>Source Files</Filter>
    </ClCompile>
    <ClCompile Include="C:\Users\jachu\Downloads\draco-1.2.0\draco-1.2.0\src\draco\core\bit_coders\direct_bit_encoder.cc">
      <Filter>Source Files</Filter>
    </ClCompile>
    <ClCompile Include="C:\Users\jachu\Downloads\draco-1.2.0\draco-1.2.0\src\draco\core\bit_coders\rans_bit_decoder.cc">
      <Filter>Source Files</Filter>
    </ClCompile>
    <ClCompile Include="C:\Users\jachu\Downloads\draco-1.2.0\draco-1.2.0\src\draco\core\bit_coders\rans_bit_encoder.cc">
      <Filter>Source Files</Filter>
    </ClCompile>
    <ClCompile Include="C:\Users\jachu\Downloads\draco-1.2.0\draco-1.2.0\src\draco\core\bit_coders\symbol_bit_decoder.cc">
      <Filter>Source Files</Filter>
    </ClCompile>
    <ClCompile Include="C:\Users\jachu\Downloads\draco-1.2.0\draco-1.2.0\src\draco\core\bit_coders\symbol_bit_encoder.cc">
      <Filter>Source Files</Filter>
    </ClCompile>
  </ItemGroup>
  <ItemGroup>
    <ClInclude Include="C:\Users\jachu\Downloads\draco-1.2.0\draco-1.2.0\src\draco\core\bit_coders\adaptive_rans_bit_coding_shared.h">
      <Filter>Header Files</Filter>
    </ClInclude>
    <ClInclude Include="C:\Users\jachu\Downloads\draco-1.2.0\draco-1.2.0\src\draco\core\bit_coders\adaptive_rans_bit_decoder.h">
      <Filter>Header Files</Filter>
    </ClInclude>
    <ClInclude Include="C:\Users\jachu\Downloads\draco-1.2.0\draco-1.2.0\src\draco\core\bit_coders\adaptive_rans_bit_encoder.h">
      <Filter>Header Files</Filter>
    </ClInclude>
    <ClInclude Include="C:\Users\jachu\Downloads\draco-1.2.0\draco-1.2.0\src\draco\core\bit_coders\direct_bit_decoder.h">
      <Filter>Header Files</Filter>
    </ClInclude>
    <ClInclude Include="C:\Users\jachu\Downloads\draco-1.2.0\draco-1.2.0\src\draco\core\bit_coders\direct_bit_encoder.h">
      <Filter>Header Files</Filter>
    </ClInclude>
    <ClInclude Include="C:\Users\jachu\Downloads\draco-1.2.0\draco-1.2.0\src\draco\core\bit_coders\folded_integer_bit_decoder.h">
      <Filter>Header Files</Filter>
    </ClInclude>
    <ClInclude Include="C:\Users\jachu\Downloads\draco-1.2.0\draco-1.2.0\src\draco\core\bit_coders\folded_integer_bit_encoder.h">
      <Filter>Header Files</Filter>
    </ClInclude>
    <ClInclude Include="C:\Users\jachu\Downloads\draco-1.2.0\draco-1.2.0\src\draco\core\bit_coders\rans_bit_decoder.h">
      <Filter>Header Files</Filter>
    </ClInclude>
    <ClInclude Include="C:\Users\jachu\Downloads\draco-1.2.0\draco-1.2.0\src\draco\core\bit_coders\rans_bit_encoder.h">
      <Filter>Header Files</Filter>
    </ClInclude>
    <ClInclude Include="C:\Users\jachu\Downloads\draco-1.2.0\draco-1.2.0\src\draco\core\bit_coders\symbol_bit_decoder.h">
      <Filter>Header Files</Filter>
    </ClInclude>
    <ClInclude Include="C:\Users\jachu\Downloads\draco-1.2.0\draco-1.2.0\src\draco\core\bit_coders\symbol_bit_encoder.h">
      <Filter>Header Files</Filter>
    </ClInclude>
  </ItemGroup>
  <ItemGroup>
    <CustomBuild Include="C:\Users\jachu\Downloads\draco-1.2.0\draco-1.2.0\CMakeLists.txt" />
  </ItemGroup>
  <ItemGroup>
    <Filter Include="Header Files">
      <UniqueIdentifier>{55FDC50C-BA74-35A1-AA81-181F9552D62E}</UniqueIdentifier>
    </Filter>
    <Filter Include="Source Files">
      <UniqueIdentifier>{45A56D12-F897-373D-AC92-8226CD3D956A}</UniqueIdentifier>
    </Filter>
  </ItemGroup>
</Project>
