Microsoft Visual Studio Solution File, Format Version 12.00
# Visual Studio 16
Project("{8BC9CEB8-8B4A-11D0-8D11-00A0C91BC942}") = "ALL_BUILD", "ALL_BUILD.vcxproj", "{691F14F6-B018-33B4-B259-55B1F5168822}"
	ProjectSection(ProjectDependencies) = postProject
		{818E83D0-9FD9-3F8C-8356-C4E547EA92DB} = {818E83D0-9FD9-3F8C-8356-C4E547EA92DB}
		{5AD1342B-527F-38FA-AA15-6792095773EA} = {5AD1342B-527F-38FA-AA15-6792095773EA}
		{26BC9048-FF03-3897-987E-876574374685} = {26BC9048-FF03-3897-987E-876574374685}
		{4D2B0898-8FB0-3316-BBFE-90E4570289C8} = {4D2B0898-8FB0-3316-BBFE-90E4570289C8}
		{1F7233D0-FC4C-31D9-8A78-D8B6D518CCF5} = {1F7233D0-FC4C-31D9-8A78-D8B6D518CCF5}
		{2E76E0A3-9385-356B-A223-672590D733A8} = {2E76E0A3-9385-356B-A223-672590D733A8}
		{757B1686-F01B-36CC-98A2-5D3F071B85EF} = {757B1686-F01B-36CC-98A2-5D3F071B85EF}
		{38E6B141-76C9-3AF5-9905-E96B0D768E4C} = {38E6B141-76C9-3AF5-9905-E96B0D768E4C}
		{8CA61AFE-E562-37F4-9087-919540DDF599} = {8CA61AFE-E562-37F4-9087-919540DDF599}
		{2B136B44-B3BE-312C-83F4-F15CF6E4A2EE} = {2B136B44-B3BE-312C-83F4-F15CF6E4A2EE}
		{BBBEAE32-02AA-3B41-BCE3-413197992A33} = {BBBEAE32-02AA-3B41-BCE3-413197992A33}
		{A8730E8F-51C6-39DD-94DF-D3325BB16AD1} = {A8730E8F-51C6-39DD-94DF-D3325BB16AD1}
		{99F7DB71-2489-3078-8E06-A372E8691008} = {99F7DB71-2489-3078-8E06-A372E8691008}
		{B5254CAF-0915-3361-A6AC-403D31CAAC72} = {B5254CAF-0915-3361-A6AC-403D31CAAC72}
		{974FF955-6D85-3010-83E3-9588225EF2DA} = {974FF955-6D85-3010-83E3-9588225EF2DA}
		{7C3E1F26-A775-3893-B499-9E38663B35DB} = {7C3E1F26-A775-3893-B499-9E38663B35DB}
		{4B668A4D-D8A9-344B-8190-987A0B90B282} = {4B668A4D-D8A9-344B-8190-987A0B90B282}
		{FD48B1C2-4C4F-3C6B-B7E0-8FED6593D7A6} = {FD48B1C2-4C4F-3C6B-B7E0-8FED6593D7A6}
		{1B190A44-2C59-3A2D-98EE-2C8F63C72764} = {1B190A44-2C59-3A2D-98EE-2C8F63C72764}
		{80FCE4D5-1AE6-3152-B1D8-A42214A6AC15} = {80FCE4D5-1AE6-3152-B1D8-A42214A6AC15}
		{A9845E42-ED62-3F1F-A789-9F5ED784EE7D} = {A9845E42-ED62-3F1F-A789-9F5ED784EE7D}
		{60230B46-6992-3FCB-9BDA-C2059EB3AE7B} = {60230B46-6992-3FCB-9BDA-C2059EB3AE7B}
		{CCAFA16E-5AE2-3260-ADF4-0CA0FE7B19EF} = {CCAFA16E-5AE2-3260-ADF4-0CA0FE7B19EF}
		{90FCA25A-B87F-3943-817A-6B8AB0751BB8} = {90FCA25A-B87F-3943-817A-6B8AB0751BB8}
		{A16190D9-7BA5-3C18-B2CB-37FDD8F2196B} = {A16190D9-7BA5-3C18-B2CB-37FDD8F2196B}
		{D2CD7848-C02B-392F-945B-90498349DCC4} = {D2CD7848-C02B-392F-945B-90498349DCC4}
		{3FD7F464-5BB0-326B-8474-95BB6DB716BF} = {3FD7F464-5BB0-326B-8474-95BB6DB716BF}
		{7A33D02B-C932-35D9-8A7E-D7E88370FD98} = {7A33D02B-C932-35D9-8A7E-D7E88370FD98}
		{8088C368-B59E-3677-B55A-115D3FEC0417} = {8088C368-B59E-3677-B55A-115D3FEC0417}
	EndProjectSection
EndProject
Project("{8BC9CEB8-8B4A-11D0-8D11-00A0C91BC942}") = "INSTALL", "INSTALL.vcxproj", "{E8CB8CAF-2E8A-3B07-AC00-EA7192417B7F}"
	ProjectSection(ProjectDependencies) = postProject
		{691F14F6-B018-33B4-B259-55B1F5168822} = {691F14F6-B018-33B4-B259-55B1F5168822}
		{818E83D0-9FD9-3F8C-8356-C4E547EA92DB} = {818E83D0-9FD9-3F8C-8356-C4E547EA92DB}
	EndProjectSection
EndProject
Project("{8BC9CEB8-8B4A-11D0-8D11-00A0C91BC942}") = "ZERO_CHECK", "ZERO_CHECK.vcxproj", "{818E83D0-9FD9-3F8C-8356-C4E547EA92DB}"
	ProjectSection(ProjectDependencies) = postProject
	EndProjectSection
EndProject
Project("{8BC9CEB8-8B4A-11D0-8D11-00A0C91BC942}") = "draco", "draco.vcxproj", "{5AD1342B-527F-38FA-AA15-6792095773EA}"
	ProjectSection(ProjectDependencies) = postProject
		{818E83D0-9FD9-3F8C-8356-C4E547EA92DB} = {818E83D0-9FD9-3F8C-8356-C4E547EA92DB}
		{26BC9048-FF03-3897-987E-876574374685} = {26BC9048-FF03-3897-987E-876574374685}
		{4D2B0898-8FB0-3316-BBFE-90E4570289C8} = {4D2B0898-8FB0-3316-BBFE-90E4570289C8}
		{1F7233D0-FC4C-31D9-8A78-D8B6D518CCF5} = {1F7233D0-FC4C-31D9-8A78-D8B6D518CCF5}
		{2E76E0A3-9385-356B-A223-672590D733A8} = {2E76E0A3-9385-356B-A223-672590D733A8}
		{757B1686-F01B-36CC-98A2-5D3F071B85EF} = {757B1686-F01B-36CC-98A2-5D3F071B85EF}
		{38E6B141-76C9-3AF5-9905-E96B0D768E4C} = {38E6B141-76C9-3AF5-9905-E96B0D768E4C}
		{8CA61AFE-E562-37F4-9087-919540DDF599} = {8CA61AFE-E562-37F4-9087-919540DDF599}
		{2B136B44-B3BE-312C-83F4-F15CF6E4A2EE} = {2B136B44-B3BE-312C-83F4-F15CF6E4A2EE}
		{BBBEAE32-02AA-3B41-BCE3-413197992A33} = {BBBEAE32-02AA-3B41-BCE3-413197992A33}
		{A8730E8F-51C6-39DD-94DF-D3325BB16AD1} = {A8730E8F-51C6-39DD-94DF-D3325BB16AD1}
		{99F7DB71-2489-3078-8E06-A372E8691008} = {99F7DB71-2489-3078-8E06-A372E8691008}
		{B5254CAF-0915-3361-A6AC-403D31CAAC72} = {B5254CAF-0915-3361-A6AC-403D31CAAC72}
		{974FF955-6D85-3010-83E3-9588225EF2DA} = {974FF955-6D85-3010-83E3-9588225EF2DA}
		{7C3E1F26-A775-3893-B499-9E38663B35DB} = {7C3E1F26-A775-3893-B499-9E38663B35DB}
		{FD48B1C2-4C4F-3C6B-B7E0-8FED6593D7A6} = {FD48B1C2-4C4F-3C6B-B7E0-8FED6593D7A6}
		{80FCE4D5-1AE6-3152-B1D8-A42214A6AC15} = {80FCE4D5-1AE6-3152-B1D8-A42214A6AC15}
		{A9845E42-ED62-3F1F-A789-9F5ED784EE7D} = {A9845E42-ED62-3F1F-A789-9F5ED784EE7D}
		{60230B46-6992-3FCB-9BDA-C2059EB3AE7B} = {60230B46-6992-3FCB-9BDA-C2059EB3AE7B}
		{CCAFA16E-5AE2-3260-ADF4-0CA0FE7B19EF} = {CCAFA16E-5AE2-3260-ADF4-0CA0FE7B19EF}
		{90FCA25A-B87F-3943-817A-6B8AB0751BB8} = {90FCA25A-B87F-3943-817A-6B8AB0751BB8}
		{A16190D9-7BA5-3C18-B2CB-37FDD8F2196B} = {A16190D9-7BA5-3C18-B2CB-37FDD8F2196B}
		{D2CD7848-C02B-392F-945B-90498349DCC4} = {D2CD7848-C02B-392F-945B-90498349DCC4}
		{3FD7F464-5BB0-326B-8474-95BB6DB716BF} = {3FD7F464-5BB0-326B-8474-95BB6DB716BF}
	EndProjectSection
EndProject
Project("{8BC9CEB8-8B4A-11D0-8D11-00A0C91BC942}") = "draco_attributes", "draco_attributes.vcxproj", "{26BC9048-FF03-3897-987E-876574374685}"
	ProjectSection(ProjectDependencies) = postProject
		{818E83D0-9FD9-3F8C-8356-C4E547EA92DB} = {818E83D0-9FD9-3F8C-8356-C4E547EA92DB}
	EndProjectSection
EndProject
Project("{8BC9CEB8-8B4A-11D0-8D11-00A0C91BC942}") = "draco_compression_attributes_dec", "draco_compression_attributes_dec.vcxproj", "{4D2B0898-8FB0-3316-BBFE-90E4570289C8}"
	ProjectSection(ProjectDependencies) = postProject
		{818E83D0-9FD9-3F8C-8356-C4E547EA92DB} = {818E83D0-9FD9-3F8C-8356-C4E547EA92DB}
	EndProjectSection
EndProject
Project("{8BC9CEB8-8B4A-11D0-8D11-00A0C91BC942}") = "draco_compression_attributes_enc", "draco_compression_attributes_enc.vcxproj", "{1F7233D0-FC4C-31D9-8A78-D8B6D518CCF5}"
	ProjectSection(ProjectDependencies) = postProject
		{818E83D0-9FD9-3F8C-8356-C4E547EA92DB} = {818E83D0-9FD9-3F8C-8356-C4E547EA92DB}
	EndProjectSection
EndProject
Project("{8BC9CEB8-8B4A-11D0-8D11-00A0C91BC942}") = "draco_compression_attributes_pred_schemes_dec", "draco_compression_attributes_pred_schemes_dec.vcxproj", "{2E76E0A3-9385-356B-A223-672590D733A8}"
	ProjectSection(ProjectDependencies) = postProject
		{818E83D0-9FD9-3F8C-8356-C4E547EA92DB} = {818E83D0-9FD9-3F8C-8356-C4E547EA92DB}
	EndProjectSection
EndProject
Project("{8BC9CEB8-8B4A-11D0-8D11-00A0C91BC942}") = "draco_compression_attributes_pred_schemes_enc", "draco_compression_attributes_pred_schemes_enc.vcxproj", "{757B1686-F01B-36CC-98A2-5D3F071B85EF}"
	ProjectSection(ProjectDependencies) = postProject
		{818E83D0-9FD9-3F8C-8356-C4E547EA92DB} = {818E83D0-9FD9-3F8C-8356-C4E547EA92DB}
	EndProjectSection
EndProject
Project("{8BC9CEB8-8B4A-11D0-8D11-00A0C91BC942}") = "draco_compression_decode", "draco_compression_decode.vcxproj", "{38E6B141-76C9-3AF5-9905-E96B0D768E4C}"
	ProjectSection(ProjectDependencies) = postProject
		{818E83D0-9FD9-3F8C-8356-C4E547EA92DB} = {818E83D0-9FD9-3F8C-8356-C4E547EA92DB}
	EndProjectSection
EndProject
Project("{8BC9CEB8-8B4A-11D0-8D11-00A0C91BC942}") = "draco_compression_encode", "draco_compression_encode.vcxproj", "{8CA61AFE-E562-37F4-9087-919540DDF599}"
	ProjectSection(ProjectDependencies) = postProject
		{818E83D0-9FD9-3F8C-8356-C4E547EA92DB} = {818E83D0-9FD9-3F8C-8356-C4E547EA92DB}
	EndProjectSection
EndProject
Project("{8BC9CEB8-8B4A-11D0-8D11-00A0C91BC942}") = "draco_compression_mesh_dec", "draco_compression_mesh_dec.vcxproj", "{2B136B44-B3BE-312C-83F4-F15CF6E4A2EE}"
	ProjectSection(ProjectDependencies) = postProject
		{818E83D0-9FD9-3F8C-8356-C4E547EA92DB} = {818E83D0-9FD9-3F8C-8356-C4E547EA92DB}
	EndProjectSection
EndProject
Project("{8BC9CEB8-8B4A-11D0-8D11-00A0C91BC942}") = "draco_compression_mesh_enc", "draco_compression_mesh_enc.vcxproj", "{BBBEAE32-02AA-3B41-BCE3-413197992A33}"
	ProjectSection(ProjectDependencies) = postProject
		{818E83D0-9FD9-3F8C-8356-C4E547EA92DB} = {818E83D0-9FD9-3F8C-8356-C4E547EA92DB}
	EndProjectSection
EndProject
Project("{8BC9CEB8-8B4A-11D0-8D11-00A0C91BC942}") = "draco_compression_point_cloud_dec", "draco_compression_point_cloud_dec.vcxproj", "{A8730E8F-51C6-39DD-94DF-D3325BB16AD1}"
	ProjectSection(ProjectDependencies) = postProject
		{818E83D0-9FD9-3F8C-8356-C4E547EA92DB} = {818E83D0-9FD9-3F8C-8356-C4E547EA92DB}
	EndProjectSection
EndProject
Project("{8BC9CEB8-8B4A-11D0-8D11-00A0C91BC942}") = "draco_compression_point_cloud_enc", "draco_compression_point_cloud_enc.vcxproj", "{99F7DB71-2489-3078-8E06-A372E8691008}"
	ProjectSection(ProjectDependencies) = postProject
		{818E83D0-9FD9-3F8C-8356-C4E547EA92DB} = {818E83D0-9FD9-3F8C-8356-C4E547EA92DB}
	EndProjectSection
EndProject
Project("{8BC9CEB8-8B4A-11D0-8D11-00A0C91BC942}") = "draco_core", "draco_core.vcxproj", "{B5254CAF-0915-3361-A6AC-403D31CAAC72}"
	ProjectSection(ProjectDependencies) = postProject
		{818E83D0-9FD9-3F8C-8356-C4E547EA92DB} = {818E83D0-9FD9-3F8C-8356-C4E547EA92DB}
	EndProjectSection
EndProject
Project("{8BC9CEB8-8B4A-11D0-8D11-00A0C91BC942}") = "draco_core_bit_coders", "draco_core_bit_coders.vcxproj", "{974FF955-6D85-3010-83E3-9588225EF2DA}"
	ProjectSection(ProjectDependencies) = postProject
		{818E83D0-9FD9-3F8C-8356-C4E547EA92DB} = {818E83D0-9FD9-3F8C-8356-C4E547EA92DB}
	EndProjectSection
EndProject
Project("{8BC9CEB8-8B4A-11D0-8D11-00A0C91BC942}") = "draco_dec_config", "draco_dec_config.vcxproj", "{7C3E1F26-A775-3893-B499-9E38663B35DB}"
	ProjectSection(ProjectDependencies) = postProject
		{818E83D0-9FD9-3F8C-8356-C4E547EA92DB} = {818E83D0-9FD9-3F8C-8356-C4E547EA92DB}
	EndProjectSection
EndProject
Project("{8BC9CEB8-8B4A-11D0-8D11-00A0C91BC942}") = "draco_decoder", "draco_decoder.vcxproj", "{4B668A4D-D8A9-344B-8190-987A0B90B282}"
	ProjectSection(ProjectDependencies) = postProject
		{818E83D0-9FD9-3F8C-8356-C4E547EA92DB} = {818E83D0-9FD9-3F8C-8356-C4E547EA92DB}
		{7A33D02B-C932-35D9-8A7E-D7E88370FD98} = {7A33D02B-C932-35D9-8A7E-D7E88370FD98}
	EndProjectSection
EndProject
Project("{8BC9CEB8-8B4A-11D0-8D11-00A0C91BC942}") = "draco_enc_config", "draco_enc_config.vcxproj", "{FD48B1C2-4C4F-3C6B-B7E0-8FED6593D7A6}"
	ProjectSection(ProjectDependencies) = postProject
		{818E83D0-9FD9-3F8C-8356-C4E547EA92DB} = {818E83D0-9FD9-3F8C-8356-C4E547EA92DB}
	EndProjectSection
EndProject
Project("{8BC9CEB8-8B4A-11D0-8D11-00A0C91BC942}") = "draco_encoder", "draco_encoder.vcxproj", "{1B190A44-2C59-3A2D-98EE-2C8F63C72764}"
	ProjectSection(ProjectDependencies) = postProject
		{818E83D0-9FD9-3F8C-8356-C4E547EA92DB} = {818E83D0-9FD9-3F8C-8356-C4E547EA92DB}
		{5AD1342B-527F-38FA-AA15-6792095773EA} = {5AD1342B-527F-38FA-AA15-6792095773EA}
	EndProjectSection
EndProject
Project("{8BC9CEB8-8B4A-11D0-8D11-00A0C91BC942}") = "draco_io", "draco_io.vcxproj", "{80FCE4D5-1AE6-3152-B1D8-A42214A6AC15}"
	ProjectSection(ProjectDependencies) = postProject
		{818E83D0-9FD9-3F8C-8356-C4E547EA92DB} = {818E83D0-9FD9-3F8C-8356-C4E547EA92DB}
	EndProjectSection
EndProject
Project("{8BC9CEB8-8B4A-11D0-8D11-00A0C91BC942}") = "draco_mesh", "draco_mesh.vcxproj", "{A9845E42-ED62-3F1F-A789-9F5ED784EE7D}"
	ProjectSection(ProjectDependencies) = postProject
		{818E83D0-9FD9-3F8C-8356-C4E547EA92DB} = {818E83D0-9FD9-3F8C-8356-C4E547EA92DB}
	EndProjectSection
EndProject
Project("{8BC9CEB8-8B4A-11D0-8D11-00A0C91BC942}") = "draco_metadata", "draco_metadata.vcxproj", "{60230B46-6992-3FCB-9BDA-C2059EB3AE7B}"
	ProjectSection(ProjectDependencies) = postProject
		{818E83D0-9FD9-3F8C-8356-C4E547EA92DB} = {818E83D0-9FD9-3F8C-8356-C4E547EA92DB}
	EndProjectSection
EndProject
Project("{8BC9CEB8-8B4A-11D0-8D11-00A0C91BC942}") = "draco_metadata_dec", "draco_metadata_dec.vcxproj", "{CCAFA16E-5AE2-3260-ADF4-0CA0FE7B19EF}"
	ProjectSection(ProjectDependencies) = postProject
		{818E83D0-9FD9-3F8C-8356-C4E547EA92DB} = {818E83D0-9FD9-3F8C-8356-C4E547EA92DB}
	EndProjectSection
EndProject
Project("{8BC9CEB8-8B4A-11D0-8D11-00A0C91BC942}") = "draco_metadata_enc", "draco_metadata_enc.vcxproj", "{90FCA25A-B87F-3943-817A-6B8AB0751BB8}"
	ProjectSection(ProjectDependencies) = postProject
		{818E83D0-9FD9-3F8C-8356-C4E547EA92DB} = {818E83D0-9FD9-3F8C-8356-C4E547EA92DB}
	EndProjectSection
EndProject
Project("{8BC9CEB8-8B4A-11D0-8D11-00A0C91BC942}") = "draco_point_cloud", "draco_point_cloud.vcxproj", "{A16190D9-7BA5-3C18-B2CB-37FDD8F2196B}"
	ProjectSection(ProjectDependencies) = postProject
		{818E83D0-9FD9-3F8C-8356-C4E547EA92DB} = {818E83D0-9FD9-3F8C-8356-C4E547EA92DB}
	EndProjectSection
EndProject
Project("{8BC9CEB8-8B4A-11D0-8D11-00A0C91BC942}") = "draco_points_dec", "draco_points_dec.vcxproj", "{D2CD7848-C02B-392F-945B-90498349DCC4}"
	ProjectSection(ProjectDependencies) = postProject
		{818E83D0-9FD9-3F8C-8356-C4E547EA92DB} = {818E83D0-9FD9-3F8C-8356-C4E547EA92DB}
	EndProjectSection
EndProject
Project("{8BC9CEB8-8B4A-11D0-8D11-00A0C91BC942}") = "draco_points_enc", "draco_points_enc.vcxproj", "{3FD7F464-5BB0-326B-8474-95BB6DB716BF}"
	ProjectSection(ProjectDependencies) = postProject
		{818E83D0-9FD9-3F8C-8356-C4E547EA92DB} = {818E83D0-9FD9-3F8C-8356-C4E547EA92DB}
	EndProjectSection
EndProject
Project("{8BC9CEB8-8B4A-11D0-8D11-00A0C91BC942}") = "dracodec", "dracodec.vcxproj", "{7A33D02B-C932-35D9-8A7E-D7E88370FD98}"
	ProjectSection(ProjectDependencies) = postProject
		{818E83D0-9FD9-3F8C-8356-C4E547EA92DB} = {818E83D0-9FD9-3F8C-8356-C4E547EA92DB}
		{26BC9048-FF03-3897-987E-876574374685} = {26BC9048-FF03-3897-987E-876574374685}
		{4D2B0898-8FB0-3316-BBFE-90E4570289C8} = {4D2B0898-8FB0-3316-BBFE-90E4570289C8}
		{38E6B141-76C9-3AF5-9905-E96B0D768E4C} = {38E6B141-76C9-3AF5-9905-E96B0D768E4C}
		{2B136B44-B3BE-312C-83F4-F15CF6E4A2EE} = {2B136B44-B3BE-312C-83F4-F15CF6E4A2EE}
		{A8730E8F-51C6-39DD-94DF-D3325BB16AD1} = {A8730E8F-51C6-39DD-94DF-D3325BB16AD1}
		{B5254CAF-0915-3361-A6AC-403D31CAAC72} = {B5254CAF-0915-3361-A6AC-403D31CAAC72}
		{974FF955-6D85-3010-83E3-9588225EF2DA} = {974FF955-6D85-3010-83E3-9588225EF2DA}
		{7C3E1F26-A775-3893-B499-9E38663B35DB} = {7C3E1F26-A775-3893-B499-9E38663B35DB}
		{80FCE4D5-1AE6-3152-B1D8-A42214A6AC15} = {80FCE4D5-1AE6-3152-B1D8-A42214A6AC15}
		{A9845E42-ED62-3F1F-A789-9F5ED784EE7D} = {A9845E42-ED62-3F1F-A789-9F5ED784EE7D}
		{60230B46-6992-3FCB-9BDA-C2059EB3AE7B} = {60230B46-6992-3FCB-9BDA-C2059EB3AE7B}
		{CCAFA16E-5AE2-3260-ADF4-0CA0FE7B19EF} = {CCAFA16E-5AE2-3260-ADF4-0CA0FE7B19EF}
		{A16190D9-7BA5-3C18-B2CB-37FDD8F2196B} = {A16190D9-7BA5-3C18-B2CB-37FDD8F2196B}
		{D2CD7848-C02B-392F-945B-90498349DCC4} = {D2CD7848-C02B-392F-945B-90498349DCC4}
	EndProjectSection
EndProject
Project("{8BC9CEB8-8B4A-11D0-8D11-00A0C91BC942}") = "dracoenc", "dracoenc.vcxproj", "{8088C368-B59E-3677-B55A-115D3FEC0417}"
	ProjectSection(ProjectDependencies) = postProject
		{818E83D0-9FD9-3F8C-8356-C4E547EA92DB} = {818E83D0-9FD9-3F8C-8356-C4E547EA92DB}
		{26BC9048-FF03-3897-987E-876574374685} = {26BC9048-FF03-3897-987E-876574374685}
		{1F7233D0-FC4C-31D9-8A78-D8B6D518CCF5} = {1F7233D0-FC4C-31D9-8A78-D8B6D518CCF5}
		{757B1686-F01B-36CC-98A2-5D3F071B85EF} = {757B1686-F01B-36CC-98A2-5D3F071B85EF}
		{8CA61AFE-E562-37F4-9087-919540DDF599} = {8CA61AFE-E562-37F4-9087-919540DDF599}
		{BBBEAE32-02AA-3B41-BCE3-413197992A33} = {BBBEAE32-02AA-3B41-BCE3-413197992A33}
		{99F7DB71-2489-3078-8E06-A372E8691008} = {99F7DB71-2489-3078-8E06-A372E8691008}
		{B5254CAF-0915-3361-A6AC-403D31CAAC72} = {B5254CAF-0915-3361-A6AC-403D31CAAC72}
		{974FF955-6D85-3010-83E3-9588225EF2DA} = {974FF955-6D85-3010-83E3-9588225EF2DA}
		{FD48B1C2-4C4F-3C6B-B7E0-8FED6593D7A6} = {FD48B1C2-4C4F-3C6B-B7E0-8FED6593D7A6}
		{A9845E42-ED62-3F1F-A789-9F5ED784EE7D} = {A9845E42-ED62-3F1F-A789-9F5ED784EE7D}
		{60230B46-6992-3FCB-9BDA-C2059EB3AE7B} = {60230B46-6992-3FCB-9BDA-C2059EB3AE7B}
		{90FCA25A-B87F-3943-817A-6B8AB0751BB8} = {90FCA25A-B87F-3943-817A-6B8AB0751BB8}
		{A16190D9-7BA5-3C18-B2CB-37FDD8F2196B} = {A16190D9-7BA5-3C18-B2CB-37FDD8F2196B}
		{3FD7F464-5BB0-326B-8474-95BB6DB716BF} = {3FD7F464-5BB0-326B-8474-95BB6DB716BF}
	EndProjectSection
EndProject
Global
	GlobalSection(SolutionConfigurationPlatforms) = preSolution
		Debug|x64 = Debug|x64
		Release|x64 = Release|x64
		MinSizeRel|x64 = MinSizeRel|x64
		RelWithDebInfo|x64 = RelWithDebInfo|x64
	EndGlobalSection
	GlobalSection(ProjectConfigurationPlatforms) = postSolution
		{691F14F6-B018-33B4-B259-55B1F5168822}.Debug|x64.ActiveCfg = Debug|x64
		{691F14F6-B018-33B4-B259-55B1F5168822}.Debug|x64.Build.0 = Debug|x64
		{691F14F6-B018-33B4-B259-55B1F5168822}.Release|x64.ActiveCfg = Release|x64
		{691F14F6-B018-33B4-B259-55B1F5168822}.Release|x64.Build.0 = Release|x64
		{691F14F6-B018-33B4-B259-55B1F5168822}.MinSizeRel|x64.ActiveCfg = MinSizeRel|x64
		{691F14F6-B018-33B4-B259-55B1F5168822}.MinSizeRel|x64.Build.0 = MinSizeRel|x64
		{691F14F6-B018-33B4-B259-55B1F5168822}.RelWithDebInfo|x64.ActiveCfg = RelWithDebInfo|x64
		{691F14F6-B018-33B4-B259-55B1F5168822}.RelWithDebInfo|x64.Build.0 = RelWithDebInfo|x64
		{E8CB8CAF-2E8A-3B07-AC00-EA7192417B7F}.Debug|x64.ActiveCfg = Debug|x64
		{E8CB8CAF-2E8A-3B07-AC00-EA7192417B7F}.Release|x64.ActiveCfg = Release|x64
		{E8CB8CAF-2E8A-3B07-AC00-EA7192417B7F}.MinSizeRel|x64.ActiveCfg = MinSizeRel|x64
		{E8CB8CAF-2E8A-3B07-AC00-EA7192417B7F}.RelWithDebInfo|x64.ActiveCfg = RelWithDebInfo|x64
		{818E83D0-9FD9-3F8C-8356-C4E547EA92DB}.Debug|x64.ActiveCfg = Debug|x64
		{818E83D0-9FD9-3F8C-8356-C4E547EA92DB}.Debug|x64.Build.0 = Debug|x64
		{818E83D0-9FD9-3F8C-8356-C4E547EA92DB}.Release|x64.ActiveCfg = Release|x64
		{818E83D0-9FD9-3F8C-8356-C4E547EA92DB}.Release|x64.Build.0 = Release|x64
		{818E83D0-9FD9-3F8C-8356-C4E547EA92DB}.MinSizeRel|x64.ActiveCfg = MinSizeRel|x64
		{818E83D0-9FD9-3F8C-8356-C4E547EA92DB}.MinSizeRel|x64.Build.0 = MinSizeRel|x64
		{818E83D0-9FD9-3F8C-8356-C4E547EA92DB}.RelWithDebInfo|x64.ActiveCfg = RelWithDebInfo|x64
		{818E83D0-9FD9-3F8C-8356-C4E547EA92DB}.RelWithDebInfo|x64.Build.0 = RelWithDebInfo|x64
		{5AD1342B-527F-38FA-AA15-6792095773EA}.Debug|x64.ActiveCfg = Debug|x64
		{5AD1342B-527F-38FA-AA15-6792095773EA}.Debug|x64.Build.0 = Debug|x64
		{5AD1342B-527F-38FA-AA15-6792095773EA}.Release|x64.ActiveCfg = Release|x64
		{5AD1342B-527F-38FA-AA15-6792095773EA}.Release|x64.Build.0 = Release|x64
		{5AD1342B-527F-38FA-AA15-6792095773EA}.MinSizeRel|x64.ActiveCfg = MinSizeRel|x64
		{5AD1342B-527F-38FA-AA15-6792095773EA}.MinSizeRel|x64.Build.0 = MinSizeRel|x64
		{5AD1342B-527F-38FA-AA15-6792095773EA}.RelWithDebInfo|x64.ActiveCfg = RelWithDebInfo|x64
		{5AD1342B-527F-38FA-AA15-6792095773EA}.RelWithDebInfo|x64.Build.0 = RelWithDebInfo|x64
		{26BC9048-FF03-3897-987E-876574374685}.Debug|x64.ActiveCfg = Debug|x64
		{26BC9048-FF03-3897-987E-876574374685}.Debug|x64.Build.0 = Debug|x64
		{26BC9048-FF03-3897-987E-876574374685}.Release|x64.ActiveCfg = Release|x64
		{26BC9048-FF03-3897-987E-876574374685}.Release|x64.Build.0 = Release|x64
		{26BC9048-FF03-3897-987E-876574374685}.MinSizeRel|x64.ActiveCfg = MinSizeRel|x64
		{26BC9048-FF03-3897-987E-876574374685}.MinSizeRel|x64.Build.0 = MinSizeRel|x64
		{26BC9048-FF03-3897-987E-876574374685}.RelWithDebInfo|x64.ActiveCfg = RelWithDebInfo|x64
		{26BC9048-FF03-3897-987E-876574374685}.RelWithDebInfo|x64.Build.0 = RelWithDebInfo|x64
		{4D2B0898-8FB0-3316-BBFE-90E4570289C8}.Debug|x64.ActiveCfg = Debug|x64
		{4D2B0898-8FB0-3316-BBFE-90E4570289C8}.Debug|x64.Build.0 = Debug|x64
		{4D2B0898-8FB0-3316-BBFE-90E4570289C8}.Release|x64.ActiveCfg = Release|x64
		{4D2B0898-8FB0-3316-BBFE-90E4570289C8}.Release|x64.Build.0 = Release|x64
		{4D2B0898-8FB0-3316-BBFE-90E4570289C8}.MinSizeRel|x64.ActiveCfg = MinSizeRel|x64
		{4D2B0898-8FB0-3316-BBFE-90E4570289C8}.MinSizeRel|x64.Build.0 = MinSizeRel|x64
		{4D2B0898-8FB0-3316-BBFE-90E4570289C8}.RelWithDebInfo|x64.ActiveCfg = RelWithDebInfo|x64
		{4D2B0898-8FB0-3316-BBFE-90E4570289C8}.RelWithDebInfo|x64.Build.0 = RelWithDebInfo|x64
		{1F7233D0-FC4C-31D9-8A78-D8B6D518CCF5}.Debug|x64.ActiveCfg = Debug|x64
		{1F7233D0-FC4C-31D9-8A78-D8B6D518CCF5}.Debug|x64.Build.0 = Debug|x64
		{1F7233D0-FC4C-31D9-8A78-D8B6D518CCF5}.Release|x64.ActiveCfg = Release|x64
		{1F7233D0-FC4C-31D9-8A78-D8B6D518CCF5}.Release|x64.Build.0 = Release|x64
		{1F7233D0-FC4C-31D9-8A78-D8B6D518CCF5}.MinSizeRel|x64.ActiveCfg = MinSizeRel|x64
		{1F7233D0-FC4C-31D9-8A78-D8B6D518CCF5}.MinSizeRel|x64.Build.0 = MinSizeRel|x64
		{1F7233D0-FC4C-31D9-8A78-D8B6D518CCF5}.RelWithDebInfo|x64.ActiveCfg = RelWithDebInfo|x64
		{1F7233D0-FC4C-31D9-8A78-D8B6D518CCF5}.RelWithDebInfo|x64.Build.0 = RelWithDebInfo|x64
		{2E76E0A3-9385-356B-A223-672590D733A8}.Debug|x64.ActiveCfg = Debug|x64
		{2E76E0A3-9385-356B-A223-672590D733A8}.Debug|x64.Build.0 = Debug|x64
		{2E76E0A3-9385-356B-A223-672590D733A8}.Release|x64.ActiveCfg = Release|x64
		{2E76E0A3-9385-356B-A223-672590D733A8}.Release|x64.Build.0 = Release|x64
		{2E76E0A3-9385-356B-A223-672590D733A8}.MinSizeRel|x64.ActiveCfg = MinSizeRel|x64
		{2E76E0A3-9385-356B-A223-672590D733A8}.MinSizeRel|x64.Build.0 = MinSizeRel|x64
		{2E76E0A3-9385-356B-A223-672590D733A8}.RelWithDebInfo|x64.ActiveCfg = RelWithDebInfo|x64
		{2E76E0A3-9385-356B-A223-672590D733A8}.RelWithDebInfo|x64.Build.0 = RelWithDebInfo|x64
		{757B1686-F01B-36CC-98A2-5D3F071B85EF}.Debug|x64.ActiveCfg = Debug|x64
		{757B1686-F01B-36CC-98A2-5D3F071B85EF}.Debug|x64.Build.0 = Debug|x64
		{757B1686-F01B-36CC-98A2-5D3F071B85EF}.Release|x64.ActiveCfg = Release|x64
		{757B1686-F01B-36CC-98A2-5D3F071B85EF}.Release|x64.Build.0 = Release|x64
		{757B1686-F01B-36CC-98A2-5D3F071B85EF}.MinSizeRel|x64.ActiveCfg = MinSizeRel|x64
		{757B1686-F01B-36CC-98A2-5D3F071B85EF}.MinSizeRel|x64.Build.0 = MinSizeRel|x64
		{757B1686-F01B-36CC-98A2-5D3F071B85EF}.RelWithDebInfo|x64.ActiveCfg = RelWithDebInfo|x64
		{757B1686-F01B-36CC-98A2-5D3F071B85EF}.RelWithDebInfo|x64.Build.0 = RelWithDebInfo|x64
		{38E6B141-76C9-3AF5-9905-E96B0D768E4C}.Debug|x64.ActiveCfg = Debug|x64
		{38E6B141-76C9-3AF5-9905-E96B0D768E4C}.Debug|x64.Build.0 = Debug|x64
		{38E6B141-76C9-3AF5-9905-E96B0D768E4C}.Release|x64.ActiveCfg = Release|x64
		{38E6B141-76C9-3AF5-9905-E96B0D768E4C}.Release|x64.Build.0 = Release|x64
		{38E6B141-76C9-3AF5-9905-E96B0D768E4C}.MinSizeRel|x64.ActiveCfg = MinSizeRel|x64
		{38E6B141-76C9-3AF5-9905-E96B0D768E4C}.MinSizeRel|x64.Build.0 = MinSizeRel|x64
		{38E6B141-76C9-3AF5-9905-E96B0D768E4C}.RelWithDebInfo|x64.ActiveCfg = RelWithDebInfo|x64
		{38E6B141-76C9-3AF5-9905-E96B0D768E4C}.RelWithDebInfo|x64.Build.0 = RelWithDebInfo|x64
		{8CA61AFE-E562-37F4-9087-919540DDF599}.Debug|x64.ActiveCfg = Debug|x64
		{8CA61AFE-E562-37F4-9087-919540DDF599}.Debug|x64.Build.0 = Debug|x64
		{8CA61AFE-E562-37F4-9087-919540DDF599}.Release|x64.ActiveCfg = Release|x64
		{8CA61AFE-E562-37F4-9087-919540DDF599}.Release|x64.Build.0 = Release|x64
		{8CA61AFE-E562-37F4-9087-919540DDF599}.MinSizeRel|x64.ActiveCfg = MinSizeRel|x64
		{8CA61AFE-E562-37F4-9087-919540DDF599}.MinSizeRel|x64.Build.0 = MinSizeRel|x64
		{8CA61AFE-E562-37F4-9087-919540DDF599}.RelWithDebInfo|x64.ActiveCfg = RelWithDebInfo|x64
		{8CA61AFE-E562-37F4-9087-919540DDF599}.RelWithDebInfo|x64.Build.0 = RelWithDebInfo|x64
		{2B136B44-B3BE-312C-83F4-F15CF6E4A2EE}.Debug|x64.ActiveCfg = Debug|x64
		{2B136B44-B3BE-312C-83F4-F15CF6E4A2EE}.Debug|x64.Build.0 = Debug|x64
		{2B136B44-B3BE-312C-83F4-F15CF6E4A2EE}.Release|x64.ActiveCfg = Release|x64
		{2B136B44-B3BE-312C-83F4-F15CF6E4A2EE}.Release|x64.Build.0 = Release|x64
		{2B136B44-B3BE-312C-83F4-F15CF6E4A2EE}.MinSizeRel|x64.ActiveCfg = MinSizeRel|x64
		{2B136B44-B3BE-312C-83F4-F15CF6E4A2EE}.MinSizeRel|x64.Build.0 = MinSizeRel|x64
		{2B136B44-B3BE-312C-83F4-F15CF6E4A2EE}.RelWithDebInfo|x64.ActiveCfg = RelWithDebInfo|x64
		{2B136B44-B3BE-312C-83F4-F15CF6E4A2EE}.RelWithDebInfo|x64.Build.0 = RelWithDebInfo|x64
		{BBBEAE32-02AA-3B41-BCE3-413197992A33}.Debug|x64.ActiveCfg = Debug|x64
		{BBBEAE32-02AA-3B41-BCE3-413197992A33}.Debug|x64.Build.0 = Debug|x64
		{BBBEAE32-02AA-3B41-BCE3-413197992A33}.Release|x64.ActiveCfg = Release|x64
		{BBBEAE32-02AA-3B41-BCE3-413197992A33}.Release|x64.Build.0 = Release|x64
		{BBBEAE32-02AA-3B41-BCE3-413197992A33}.MinSizeRel|x64.ActiveCfg = MinSizeRel|x64
		{BBBEAE32-02AA-3B41-BCE3-413197992A33}.MinSizeRel|x64.Build.0 = MinSizeRel|x64
		{BBBEAE32-02AA-3B41-BCE3-413197992A33}.RelWithDebInfo|x64.ActiveCfg = RelWithDebInfo|x64
		{BBBEAE32-02AA-3B41-BCE3-413197992A33}.RelWithDebInfo|x64.Build.0 = RelWithDebInfo|x64
		{A8730E8F-51C6-39DD-94DF-D3325BB16AD1}.Debug|x64.ActiveCfg = Debug|x64
		{A8730E8F-51C6-39DD-94DF-D3325BB16AD1}.Debug|x64.Build.0 = Debug|x64
		{A8730E8F-51C6-39DD-94DF-D3325BB16AD1}.Release|x64.ActiveCfg = Release|x64
		{A8730E8F-51C6-39DD-94DF-D3325BB16AD1}.Release|x64.Build.0 = Release|x64
		{A8730E8F-51C6-39DD-94DF-D3325BB16AD1}.MinSizeRel|x64.ActiveCfg = MinSizeRel|x64
		{A8730E8F-51C6-39DD-94DF-D3325BB16AD1}.MinSizeRel|x64.Build.0 = MinSizeRel|x64
		{A8730E8F-51C6-39DD-94DF-D3325BB16AD1}.RelWithDebInfo|x64.ActiveCfg = RelWithDebInfo|x64
		{A8730E8F-51C6-39DD-94DF-D3325BB16AD1}.RelWithDebInfo|x64.Build.0 = RelWithDebInfo|x64
		{99F7DB71-2489-3078-8E06-A372E8691008}.Debug|x64.ActiveCfg = Debug|x64
		{99F7DB71-2489-3078-8E06-A372E8691008}.Debug|x64.Build.0 = Debug|x64
		{99F7DB71-2489-3078-8E06-A372E8691008}.Release|x64.ActiveCfg = Release|x64
		{99F7DB71-2489-3078-8E06-A372E8691008}.Release|x64.Build.0 = Release|x64
		{99F7DB71-2489-3078-8E06-A372E8691008}.MinSizeRel|x64.ActiveCfg = MinSizeRel|x64
		{99F7DB71-2489-3078-8E06-A372E8691008}.MinSizeRel|x64.Build.0 = MinSizeRel|x64
		{99F7DB71-2489-3078-8E06-A372E8691008}.RelWithDebInfo|x64.ActiveCfg = RelWithDebInfo|x64
		{99F7DB71-2489-3078-8E06-A372E8691008}.RelWithDebInfo|x64.Build.0 = RelWithDebInfo|x64
		{B5254CAF-0915-3361-A6AC-403D31CAAC72}.Debug|x64.ActiveCfg = Debug|x64
		{B5254CAF-0915-3361-A6AC-403D31CAAC72}.Debug|x64.Build.0 = Debug|x64
		{B5254CAF-0915-3361-A6AC-403D31CAAC72}.Release|x64.ActiveCfg = Release|x64
		{B5254CAF-0915-3361-A6AC-403D31CAAC72}.Release|x64.Build.0 = Release|x64
		{B5254CAF-0915-3361-A6AC-403D31CAAC72}.MinSizeRel|x64.ActiveCfg = MinSizeRel|x64
		{B5254CAF-0915-3361-A6AC-403D31CAAC72}.MinSizeRel|x64.Build.0 = MinSizeRel|x64
		{B5254CAF-0915-3361-A6AC-403D31CAAC72}.RelWithDebInfo|x64.ActiveCfg = RelWithDebInfo|x64
		{B5254CAF-0915-3361-A6AC-403D31CAAC72}.RelWithDebInfo|x64.Build.0 = RelWithDebInfo|x64
		{974FF955-6D85-3010-83E3-9588225EF2DA}.Debug|x64.ActiveCfg = Debug|x64
		{974FF955-6D85-3010-83E3-9588225EF2DA}.Debug|x64.Build.0 = Debug|x64
		{974FF955-6D85-3010-83E3-9588225EF2DA}.Release|x64.ActiveCfg = Release|x64
		{974FF955-6D85-3010-83E3-9588225EF2DA}.Release|x64.Build.0 = Release|x64
		{974FF955-6D85-3010-83E3-9588225EF2DA}.MinSizeRel|x64.ActiveCfg = MinSizeRel|x64
		{974FF955-6D85-3010-83E3-9588225EF2DA}.MinSizeRel|x64.Build.0 = MinSizeRel|x64
		{974FF955-6D85-3010-83E3-9588225EF2DA}.RelWithDebInfo|x64.ActiveCfg = RelWithDebInfo|x64
		{974FF955-6D85-3010-83E3-9588225EF2DA}.RelWithDebInfo|x64.Build.0 = RelWithDebInfo|x64
		{7C3E1F26-A775-3893-B499-9E38663B35DB}.Debug|x64.ActiveCfg = Debug|x64
		{7C3E1F26-A775-3893-B499-9E38663B35DB}.Debug|x64.Build.0 = Debug|x64
		{7C3E1F26-A775-3893-B499-9E38663B35DB}.Release|x64.ActiveCfg = Release|x64
		{7C3E1F26-A775-3893-B499-9E38663B35DB}.Release|x64.Build.0 = Release|x64
		{7C3E1F26-A775-3893-B499-9E38663B35DB}.MinSizeRel|x64.ActiveCfg = MinSizeRel|x64
		{7C3E1F26-A775-3893-B499-9E38663B35DB}.MinSizeRel|x64.Build.0 = MinSizeRel|x64
		{7C3E1F26-A775-3893-B499-9E38663B35DB}.RelWithDebInfo|x64.ActiveCfg = RelWithDebInfo|x64
		{7C3E1F26-A775-3893-B499-9E38663B35DB}.RelWithDebInfo|x64.Build.0 = RelWithDebInfo|x64
		{4B668A4D-D8A9-344B-8190-987A0B90B282}.Debug|x64.ActiveCfg = Debug|x64
		{4B668A4D-D8A9-344B-8190-987A0B90B282}.Debug|x64.Build.0 = Debug|x64
		{4B668A4D-D8A9-344B-8190-987A0B90B282}.Release|x64.ActiveCfg = Release|x64
		{4B668A4D-D8A9-344B-8190-987A0B90B282}.Release|x64.Build.0 = Release|x64
		{4B668A4D-D8A9-344B-8190-987A0B90B282}.MinSizeRel|x64.ActiveCfg = MinSizeRel|x64
		{4B668A4D-D8A9-344B-8190-987A0B90B282}.MinSizeRel|x64.Build.0 = MinSizeRel|x64
		{4B668A4D-D8A9-344B-8190-987A0B90B282}.RelWithDebInfo|x64.ActiveCfg = RelWithDebInfo|x64
		{4B668A4D-D8A9-344B-8190-987A0B90B282}.RelWithDebInfo|x64.Build.0 = RelWithDebInfo|x64
		{FD48B1C2-4C4F-3C6B-B7E0-8FED6593D7A6}.Debug|x64.ActiveCfg = Debug|x64
		{FD48B1C2-4C4F-3C6B-B7E0-8FED6593D7A6}.Debug|x64.Build.0 = Debug|x64
		{FD48B1C2-4C4F-3C6B-B7E0-8FED6593D7A6}.Release|x64.ActiveCfg = Release|x64
		{FD48B1C2-4C4F-3C6B-B7E0-8FED6593D7A6}.Release|x64.Build.0 = Release|x64
		{FD48B1C2-4C4F-3C6B-B7E0-8FED6593D7A6}.MinSizeRel|x64.ActiveCfg = MinSizeRel|x64
		{FD48B1C2-4C4F-3C6B-B7E0-8FED6593D7A6}.MinSizeRel|x64.Build.0 = MinSizeRel|x64
		{FD48B1C2-4C4F-3C6B-B7E0-8FED6593D7A6}.RelWithDebInfo|x64.ActiveCfg = RelWithDebInfo|x64
		{FD48B1C2-4C4F-3C6B-B7E0-8FED6593D7A6}.RelWithDebInfo|x64.Build.0 = RelWithDebInfo|x64
		{1B190A44-2C59-3A2D-98EE-2C8F63C72764}.Debug|x64.ActiveCfg = Debug|x64
		{1B190A44-2C59-3A2D-98EE-2C8F63C72764}.Debug|x64.Build.0 = Debug|x64
		{1B190A44-2C59-3A2D-98EE-2C8F63C72764}.Release|x64.ActiveCfg = Release|x64
		{1B190A44-2C59-3A2D-98EE-2C8F63C72764}.Release|x64.Build.0 = Release|x64
		{1B190A44-2C59-3A2D-98EE-2C8F63C72764}.MinSizeRel|x64.ActiveCfg = MinSizeRel|x64
		{1B190A44-2C59-3A2D-98EE-2C8F63C72764}.MinSizeRel|x64.Build.0 = MinSizeRel|x64
		{1B190A44-2C59-3A2D-98EE-2C8F63C72764}.RelWithDebInfo|x64.ActiveCfg = RelWithDebInfo|x64
		{1B190A44-2C59-3A2D-98EE-2C8F63C72764}.RelWithDebInfo|x64.Build.0 = RelWithDebInfo|x64
		{80FCE4D5-1AE6-3152-B1D8-A42214A6AC15}.Debug|x64.ActiveCfg = Debug|x64
		{80FCE4D5-1AE6-3152-B1D8-A42214A6AC15}.Debug|x64.Build.0 = Debug|x64
		{80FCE4D5-1AE6-3152-B1D8-A42214A6AC15}.Release|x64.ActiveCfg = Release|x64
		{80FCE4D5-1AE6-3152-B1D8-A42214A6AC15}.Release|x64.Build.0 = Release|x64
		{80FCE4D5-1AE6-3152-B1D8-A42214A6AC15}.MinSizeRel|x64.ActiveCfg = MinSizeRel|x64
		{80FCE4D5-1AE6-3152-B1D8-A42214A6AC15}.MinSizeRel|x64.Build.0 = MinSizeRel|x64
		{80FCE4D5-1AE6-3152-B1D8-A42214A6AC15}.RelWithDebInfo|x64.ActiveCfg = RelWithDebInfo|x64
		{80FCE4D5-1AE6-3152-B1D8-A42214A6AC15}.RelWithDebInfo|x64.Build.0 = RelWithDebInfo|x64
		{A9845E42-ED62-3F1F-A789-9F5ED784EE7D}.Debug|x64.ActiveCfg = Debug|x64
		{A9845E42-ED62-3F1F-A789-9F5ED784EE7D}.Debug|x64.Build.0 = Debug|x64
		{A9845E42-ED62-3F1F-A789-9F5ED784EE7D}.Release|x64.ActiveCfg = Release|x64
		{A9845E42-ED62-3F1F-A789-9F5ED784EE7D}.Release|x64.Build.0 = Release|x64
		{A9845E42-ED62-3F1F-A789-9F5ED784EE7D}.MinSizeRel|x64.ActiveCfg = MinSizeRel|x64
		{A9845E42-ED62-3F1F-A789-9F5ED784EE7D}.MinSizeRel|x64.Build.0 = MinSizeRel|x64
		{A9845E42-ED62-3F1F-A789-9F5ED784EE7D}.RelWithDebInfo|x64.ActiveCfg = RelWithDebInfo|x64
		{A9845E42-ED62-3F1F-A789-9F5ED784EE7D}.RelWithDebInfo|x64.Build.0 = RelWithDebInfo|x64
		{60230B46-6992-3FCB-9BDA-C2059EB3AE7B}.Debug|x64.ActiveCfg = Debug|x64
		{60230B46-6992-3FCB-9BDA-C2059EB3AE7B}.Debug|x64.Build.0 = Debug|x64
		{60230B46-6992-3FCB-9BDA-C2059EB3AE7B}.Release|x64.ActiveCfg = Release|x64
		{60230B46-6992-3FCB-9BDA-C2059EB3AE7B}.Release|x64.Build.0 = Release|x64
		{60230B46-6992-3FCB-9BDA-C2059EB3AE7B}.MinSizeRel|x64.ActiveCfg = MinSizeRel|x64
		{60230B46-6992-3FCB-9BDA-C2059EB3AE7B}.MinSizeRel|x64.Build.0 = MinSizeRel|x64
		{60230B46-6992-3FCB-9BDA-C2059EB3AE7B}.RelWithDebInfo|x64.ActiveCfg = RelWithDebInfo|x64
		{60230B46-6992-3FCB-9BDA-C2059EB3AE7B}.RelWithDebInfo|x64.Build.0 = RelWithDebInfo|x64
		{CCAFA16E-5AE2-3260-ADF4-0CA0FE7B19EF}.Debug|x64.ActiveCfg = Debug|x64
		{CCAFA16E-5AE2-3260-ADF4-0CA0FE7B19EF}.Debug|x64.Build.0 = Debug|x64
		{CCAFA16E-5AE2-3260-ADF4-0CA0FE7B19EF}.Release|x64.ActiveCfg = Release|x64
		{CCAFA16E-5AE2-3260-ADF4-0CA0FE7B19EF}.Release|x64.Build.0 = Release|x64
		{CCAFA16E-5AE2-3260-ADF4-0CA0FE7B19EF}.MinSizeRel|x64.ActiveCfg = MinSizeRel|x64
		{CCAFA16E-5AE2-3260-ADF4-0CA0FE7B19EF}.MinSizeRel|x64.Build.0 = MinSizeRel|x64
		{CCAFA16E-5AE2-3260-ADF4-0CA0FE7B19EF}.RelWithDebInfo|x64.ActiveCfg = RelWithDebInfo|x64
		{CCAFA16E-5AE2-3260-ADF4-0CA0FE7B19EF}.RelWithDebInfo|x64.Build.0 = RelWithDebInfo|x64
		{90FCA25A-B87F-3943-817A-6B8AB0751BB8}.Debug|x64.ActiveCfg = Debug|x64
		{90FCA25A-B87F-3943-817A-6B8AB0751BB8}.Debug|x64.Build.0 = Debug|x64
		{90FCA25A-B87F-3943-817A-6B8AB0751BB8}.Release|x64.ActiveCfg = Release|x64
		{90FCA25A-B87F-3943-817A-6B8AB0751BB8}.Release|x64.Build.0 = Release|x64
		{90FCA25A-B87F-3943-817A-6B8AB0751BB8}.MinSizeRel|x64.ActiveCfg = MinSizeRel|x64
		{90FCA25A-B87F-3943-817A-6B8AB0751BB8}.MinSizeRel|x64.Build.0 = MinSizeRel|x64
		{90FCA25A-B87F-3943-817A-6B8AB0751BB8}.RelWithDebInfo|x64.ActiveCfg = RelWithDebInfo|x64
		{90FCA25A-B87F-3943-817A-6B8AB0751BB8}.RelWithDebInfo|x64.Build.0 = RelWithDebInfo|x64
		{A16190D9-7BA5-3C18-B2CB-37FDD8F2196B}.Debug|x64.ActiveCfg = Debug|x64
		{A16190D9-7BA5-3C18-B2CB-37FDD8F2196B}.Debug|x64.Build.0 = Debug|x64
		{A16190D9-7BA5-3C18-B2CB-37FDD8F2196B}.Release|x64.ActiveCfg = Release|x64
		{A16190D9-7BA5-3C18-B2CB-37FDD8F2196B}.Release|x64.Build.0 = Release|x64
		{A16190D9-7BA5-3C18-B2CB-37FDD8F2196B}.MinSizeRel|x64.ActiveCfg = MinSizeRel|x64
		{A16190D9-7BA5-3C18-B2CB-37FDD8F2196B}.MinSizeRel|x64.Build.0 = MinSizeRel|x64
		{A16190D9-7BA5-3C18-B2CB-37FDD8F2196B}.RelWithDebInfo|x64.ActiveCfg = RelWithDebInfo|x64
		{A16190D9-7BA5-3C18-B2CB-37FDD8F2196B}.RelWithDebInfo|x64.Build.0 = RelWithDebInfo|x64
		{D2CD7848-C02B-392F-945B-90498349DCC4}.Debug|x64.ActiveCfg = Debug|x64
		{D2CD7848-C02B-392F-945B-90498349DCC4}.Debug|x64.Build.0 = Debug|x64
		{D2CD7848-C02B-392F-945B-90498349DCC4}.Release|x64.ActiveCfg = Release|x64
		{D2CD7848-C02B-392F-945B-90498349DCC4}.Release|x64.Build.0 = Release|x64
		{D2CD7848-C02B-392F-945B-90498349DCC4}.MinSizeRel|x64.ActiveCfg = MinSizeRel|x64
		{D2CD7848-C02B-392F-945B-90498349DCC4}.MinSizeRel|x64.Build.0 = MinSizeRel|x64
		{D2CD7848-C02B-392F-945B-90498349DCC4}.RelWithDebInfo|x64.ActiveCfg = RelWithDebInfo|x64
		{D2CD7848-C02B-392F-945B-90498349DCC4}.RelWithDebInfo|x64.Build.0 = RelWithDebInfo|x64
		{3FD7F464-5BB0-326B-8474-95BB6DB716BF}.Debug|x64.ActiveCfg = Debug|x64
		{3FD7F464-5BB0-326B-8474-95BB6DB716BF}.Debug|x64.Build.0 = Debug|x64
		{3FD7F464-5BB0-326B-8474-95BB6DB716BF}.Release|x64.ActiveCfg = Release|x64
		{3FD7F464-5BB0-326B-8474-95BB6DB716BF}.Release|x64.Build.0 = Release|x64
		{3FD7F464-5BB0-326B-8474-95BB6DB716BF}.MinSizeRel|x64.ActiveCfg = MinSizeRel|x64
		{3FD7F464-5BB0-326B-8474-95BB6DB716BF}.MinSizeRel|x64.Build.0 = MinSizeRel|x64
		{3FD7F464-5BB0-326B-8474-95BB6DB716BF}.RelWithDebInfo|x64.ActiveCfg = RelWithDebInfo|x64
		{3FD7F464-5BB0-326B-8474-95BB6DB716BF}.RelWithDebInfo|x64.Build.0 = RelWithDebInfo|x64
		{7A33D02B-C932-35D9-8A7E-D7E88370FD98}.Debug|x64.ActiveCfg = Debug|x64
		{7A33D02B-C932-35D9-8A7E-D7E88370FD98}.Debug|x64.Build.0 = Debug|x64
		{7A33D02B-C932-35D9-8A7E-D7E88370FD98}.Release|x64.ActiveCfg = Release|x64
		{7A33D02B-C932-35D9-8A7E-D7E88370FD98}.Release|x64.Build.0 = Release|x64
		{7A33D02B-C932-35D9-8A7E-D7E88370FD98}.MinSizeRel|x64.ActiveCfg = MinSizeRel|x64
		{7A33D02B-C932-35D9-8A7E-D7E88370FD98}.MinSizeRel|x64.Build.0 = MinSizeRel|x64
		{7A33D02B-C932-35D9-8A7E-D7E88370FD98}.RelWithDebInfo|x64.ActiveCfg = RelWithDebInfo|x64
		{7A33D02B-C932-35D9-8A7E-D7E88370FD98}.RelWithDebInfo|x64.Build.0 = RelWithDebInfo|x64
		{8088C368-B59E-3677-B55A-115D3FEC0417}.Debug|x64.ActiveCfg = Debug|x64
		{8088C368-B59E-3677-B55A-115D3FEC0417}.Debug|x64.Build.0 = Debug|x64
		{8088C368-B59E-3677-B55A-115D3FEC0417}.Release|x64.ActiveCfg = Release|x64
		{8088C368-B59E-3677-B55A-115D3FEC0417}.Release|x64.Build.0 = Release|x64
		{8088C368-B59E-3677-B55A-115D3FEC0417}.MinSizeRel|x64.ActiveCfg = MinSizeRel|x64
		{8088C368-B59E-3677-B55A-115D3FEC0417}.MinSizeRel|x64.Build.0 = MinSizeRel|x64
		{8088C368-B59E-3677-B55A-115D3FEC0417}.RelWithDebInfo|x64.ActiveCfg = RelWithDebInfo|x64
		{8088C368-B59E-3677-B55A-115D3FEC0417}.RelWithDebInfo|x64.Build.0 = RelWithDebInfo|x64
	EndGlobalSection
	GlobalSection(ExtensibilityGlobals) = postSolution
		SolutionGuid = {AF55A763-B68D-3338-9F1F-A5925F7B56D6}
	EndGlobalSection
	GlobalSection(ExtensibilityAddIns) = postSolution
	EndGlobalSection
EndGlobal
