Microsoft Visual Studio Solution File, Format Version 12.00
# Visual Studio 16
Project("{8BC9CEB8-8B4A-11D0-8D11-00A0C91BC942}") = "ALL_BUILD", "ALL_BUILD.vcxproj", "{34D3B7C5-9879-3AFA-8F58-F9EAEFA99CEC}"
	ProjectSection(ProjectDependencies) = postProject
		{C7F0089F-0B16-3714-9352-9CE56DEE4FF1} = {C7F0089F-0B16-3714-9352-9CE56DEE4FF1}
		{09472A62-1C61-3B05-A123-7448E69A3DB0} = {09472A62-1C61-3B05-A123-7448E69A3DB0}
		{D3726C7D-0FBA-3A67-8845-FF44BCC103A8} = {D3726C7D-0FBA-3A67-8845-FF44BCC103A8}
		{C9D49933-A940-3774-9D0C-E18337D15F22} = {C9D49933-A940-3774-9D0C-E18337D15F22}
		{11187E49-C4FA-3785-8162-260CCC291FC0} = {11187E49-C4FA-3785-8162-260CCC291FC0}
		{83C06E0A-DF03-3F79-8930-4331CE9FA98A} = {83C06E0A-DF03-3F79-8930-4331CE9FA98A}
		{619AFF5F-B5E7-3DD6-98FF-78A52E7366A6} = {619AFF5F-B5E7-3DD6-98FF-78A52E7366A6}
		{0B1BFBBB-C2CF-341E-81B5-EF61F3E12E97} = {0B1BFBBB-C2CF-341E-81B5-EF61F3E12E97}
		{32BC3264-D78D-3453-888B-2486FC3F9D57} = {32BC3264-D78D-3453-888B-2486FC3F9D57}
		{0AF4FD15-0712-3285-BF4F-2AC2097DDCF3} = {0AF4FD15-0712-3285-BF4F-2AC2097DDCF3}
		{AD897893-7E0B-30BB-BD8C-E89052142FE6} = {AD897893-7E0B-30BB-BD8C-E89052142FE6}
		{C8028005-C98F-3510-9049-5AE4790C6722} = {C8028005-C98F-3510-9049-5AE4790C6722}
		{25423195-84F2-35CD-8B31-C3B9E8729794} = {25423195-84F2-35CD-8B31-C3B9E8729794}
		{F14F5BB6-C0A0-3102-8218-D30788644580} = {F14F5BB6-C0A0-3102-8218-D30788644580}
		{1226637E-6123-3907-B026-CF246CF6EC7B} = {1226637E-6123-3907-B026-CF246CF6EC7B}
		{7402D415-DE58-3BF8-A13C-8D0144993F09} = {7402D415-DE58-3BF8-A13C-8D0144993F09}
		{6286271D-750C-3766-8D98-E3167DD83C35} = {6286271D-750C-3766-8D98-E3167DD83C35}
		{3372A0F9-BB8C-32FE-A8B1-E0A1A45ABC1C} = {3372A0F9-BB8C-32FE-A8B1-E0A1A45ABC1C}
		{586D9DC5-135D-3DC7-93FA-C682EBC8A9FB} = {586D9DC5-135D-3DC7-93FA-C682EBC8A9FB}
		{00839DA2-779D-3B6F-AF2F-84254421AD38} = {00839DA2-779D-3B6F-AF2F-84254421AD38}
		{4EC3DD1C-DE51-3990-8325-A28170A5E8A8} = {4EC3DD1C-DE51-3990-8325-A28170A5E8A8}
		{B9943983-F2C4-3D1E-B874-6FEEFD91FA86} = {B9943983-F2C4-3D1E-B874-6FEEFD91FA86}
		{5022AC76-E67E-371E-8F05-E1C0F069ADBC} = {5022AC76-E67E-371E-8F05-E1C0F069ADBC}
		{7C5F35B1-94F3-3FF6-90CC-FDC8F0206831} = {7C5F35B1-94F3-3FF6-90CC-FDC8F0206831}
		{16EC12A2-1D1A-3C5E-BFE4-3AE76D5369A4} = {16EC12A2-1D1A-3C5E-BFE4-3AE76D5369A4}
		{1C843BDE-27FC-33BF-B164-250C279A9FD1} = {1C843BDE-27FC-33BF-B164-250C279A9FD1}
		{2DA88BF4-E904-3095-9683-15B64B5442AC} = {2DA88BF4-E904-3095-9683-15B64B5442AC}
		{B2F1AEF1-86F3-3EB1-B479-10C96EC120B6} = {B2F1AEF1-86F3-3EB1-B479-10C96EC120B6}
		{4B7B8FF4-8783-3EFB-950A-E6FE998324D3} = {4B7B8FF4-8783-3EFB-950A-E6FE998324D3}
		{931A3CB6-BF1C-33E2-AF59-3FFC2250EAD6} = {931A3CB6-BF1C-33E2-AF59-3FFC2250EAD6}
		{141B95BD-B4C3-317A-BA41-F4A924386AD3} = {141B95BD-B4C3-317A-BA41-F4A924386AD3}
		{30BBE068-2F8F-3E65-8F2B-A9E0DE76A8C3} = {30BBE068-2F8F-3E65-8F2B-A9E0DE76A8C3}
		{38FD0DAC-751A-3364-8AEA-794A98B279FD} = {38FD0DAC-751A-3364-8AEA-794A98B279FD}
		{B161A311-79B6-3B19-AF21-9AF3610AECAE} = {B161A311-79B6-3B19-AF21-9AF3610AECAE}
	EndProjectSection
EndProject
Project("{8BC9CEB8-8B4A-11D0-8D11-00A0C91BC942}") = "INSTALL", "INSTALL.vcxproj", "{9AFBEE74-BF92-33D5-A01D-6DA07D5F99D9}"
	ProjectSection(ProjectDependencies) = postProject
		{34D3B7C5-9879-3AFA-8F58-F9EAEFA99CEC} = {34D3B7C5-9879-3AFA-8F58-F9EAEFA99CEC}
		{C7F0089F-0B16-3714-9352-9CE56DEE4FF1} = {C7F0089F-0B16-3714-9352-9CE56DEE4FF1}
	EndProjectSection
EndProject
Project("{8BC9CEB8-8B4A-11D0-8D11-00A0C91BC942}") = "ZERO_CHECK", "ZERO_CHECK.vcxproj", "{C7F0089F-0B16-3714-9352-9CE56DEE4FF1}"
	ProjectSection(ProjectDependencies) = postProject
	EndProjectSection
EndProject
Project("{8BC9CEB8-8B4A-11D0-8D11-00A0C91BC942}") = "draco", "draco.vcxproj", "{09472A62-1C61-3B05-A123-7448E69A3DB0}"
	ProjectSection(ProjectDependencies) = postProject
		{C7F0089F-0B16-3714-9352-9CE56DEE4FF1} = {C7F0089F-0B16-3714-9352-9CE56DEE4FF1}
		{D3726C7D-0FBA-3A67-8845-FF44BCC103A8} = {D3726C7D-0FBA-3A67-8845-FF44BCC103A8}
		{C9D49933-A940-3774-9D0C-E18337D15F22} = {C9D49933-A940-3774-9D0C-E18337D15F22}
		{11187E49-C4FA-3785-8162-260CCC291FC0} = {11187E49-C4FA-3785-8162-260CCC291FC0}
		{83C06E0A-DF03-3F79-8930-4331CE9FA98A} = {83C06E0A-DF03-3F79-8930-4331CE9FA98A}
		{619AFF5F-B5E7-3DD6-98FF-78A52E7366A6} = {619AFF5F-B5E7-3DD6-98FF-78A52E7366A6}
		{0B1BFBBB-C2CF-341E-81B5-EF61F3E12E97} = {0B1BFBBB-C2CF-341E-81B5-EF61F3E12E97}
		{32BC3264-D78D-3453-888B-2486FC3F9D57} = {32BC3264-D78D-3453-888B-2486FC3F9D57}
		{0AF4FD15-0712-3285-BF4F-2AC2097DDCF3} = {0AF4FD15-0712-3285-BF4F-2AC2097DDCF3}
		{AD897893-7E0B-30BB-BD8C-E89052142FE6} = {AD897893-7E0B-30BB-BD8C-E89052142FE6}
		{C8028005-C98F-3510-9049-5AE4790C6722} = {C8028005-C98F-3510-9049-5AE4790C6722}
		{25423195-84F2-35CD-8B31-C3B9E8729794} = {25423195-84F2-35CD-8B31-C3B9E8729794}
		{F14F5BB6-C0A0-3102-8218-D30788644580} = {F14F5BB6-C0A0-3102-8218-D30788644580}
		{1226637E-6123-3907-B026-CF246CF6EC7B} = {1226637E-6123-3907-B026-CF246CF6EC7B}
		{7402D415-DE58-3BF8-A13C-8D0144993F09} = {7402D415-DE58-3BF8-A13C-8D0144993F09}
		{3372A0F9-BB8C-32FE-A8B1-E0A1A45ABC1C} = {3372A0F9-BB8C-32FE-A8B1-E0A1A45ABC1C}
		{586D9DC5-135D-3DC7-93FA-C682EBC8A9FB} = {586D9DC5-135D-3DC7-93FA-C682EBC8A9FB}
		{00839DA2-779D-3B6F-AF2F-84254421AD38} = {00839DA2-779D-3B6F-AF2F-84254421AD38}
		{4EC3DD1C-DE51-3990-8325-A28170A5E8A8} = {4EC3DD1C-DE51-3990-8325-A28170A5E8A8}
		{5022AC76-E67E-371E-8F05-E1C0F069ADBC} = {5022AC76-E67E-371E-8F05-E1C0F069ADBC}
		{16EC12A2-1D1A-3C5E-BFE4-3AE76D5369A4} = {16EC12A2-1D1A-3C5E-BFE4-3AE76D5369A4}
		{1C843BDE-27FC-33BF-B164-250C279A9FD1} = {1C843BDE-27FC-33BF-B164-250C279A9FD1}
		{2DA88BF4-E904-3095-9683-15B64B5442AC} = {2DA88BF4-E904-3095-9683-15B64B5442AC}
		{B2F1AEF1-86F3-3EB1-B479-10C96EC120B6} = {B2F1AEF1-86F3-3EB1-B479-10C96EC120B6}
		{4B7B8FF4-8783-3EFB-950A-E6FE998324D3} = {4B7B8FF4-8783-3EFB-950A-E6FE998324D3}
		{931A3CB6-BF1C-33E2-AF59-3FFC2250EAD6} = {931A3CB6-BF1C-33E2-AF59-3FFC2250EAD6}
		{141B95BD-B4C3-317A-BA41-F4A924386AD3} = {141B95BD-B4C3-317A-BA41-F4A924386AD3}
		{30BBE068-2F8F-3E65-8F2B-A9E0DE76A8C3} = {30BBE068-2F8F-3E65-8F2B-A9E0DE76A8C3}
	EndProjectSection
EndProject
Project("{8BC9CEB8-8B4A-11D0-8D11-00A0C91BC942}") = "draco_animation", "draco_animation.vcxproj", "{D3726C7D-0FBA-3A67-8845-FF44BCC103A8}"
	ProjectSection(ProjectDependencies) = postProject
		{C7F0089F-0B16-3714-9352-9CE56DEE4FF1} = {C7F0089F-0B16-3714-9352-9CE56DEE4FF1}
	EndProjectSection
EndProject
Project("{8BC9CEB8-8B4A-11D0-8D11-00A0C91BC942}") = "draco_animation_dec", "draco_animation_dec.vcxproj", "{C9D49933-A940-3774-9D0C-E18337D15F22}"
	ProjectSection(ProjectDependencies) = postProject
		{C7F0089F-0B16-3714-9352-9CE56DEE4FF1} = {C7F0089F-0B16-3714-9352-9CE56DEE4FF1}
	EndProjectSection
EndProject
Project("{8BC9CEB8-8B4A-11D0-8D11-00A0C91BC942}") = "draco_animation_enc", "draco_animation_enc.vcxproj", "{11187E49-C4FA-3785-8162-260CCC291FC0}"
	ProjectSection(ProjectDependencies) = postProject
		{C7F0089F-0B16-3714-9352-9CE56DEE4FF1} = {C7F0089F-0B16-3714-9352-9CE56DEE4FF1}
	EndProjectSection
EndProject
Project("{8BC9CEB8-8B4A-11D0-8D11-00A0C91BC942}") = "draco_attributes", "draco_attributes.vcxproj", "{83C06E0A-DF03-3F79-8930-4331CE9FA98A}"
	ProjectSection(ProjectDependencies) = postProject
		{C7F0089F-0B16-3714-9352-9CE56DEE4FF1} = {C7F0089F-0B16-3714-9352-9CE56DEE4FF1}
	EndProjectSection
EndProject
Project("{8BC9CEB8-8B4A-11D0-8D11-00A0C91BC942}") = "draco_compression_attributes_dec", "draco_compression_attributes_dec.vcxproj", "{619AFF5F-B5E7-3DD6-98FF-78A52E7366A6}"
	ProjectSection(ProjectDependencies) = postProject
		{C7F0089F-0B16-3714-9352-9CE56DEE4FF1} = {C7F0089F-0B16-3714-9352-9CE56DEE4FF1}
	EndProjectSection
EndProject
Project("{8BC9CEB8-8B4A-11D0-8D11-00A0C91BC942}") = "draco_compression_attributes_enc", "draco_compression_attributes_enc.vcxproj", "{0B1BFBBB-C2CF-341E-81B5-EF61F3E12E97}"
	ProjectSection(ProjectDependencies) = postProject
		{C7F0089F-0B16-3714-9352-9CE56DEE4FF1} = {C7F0089F-0B16-3714-9352-9CE56DEE4FF1}
	EndProjectSection
EndProject
Project("{8BC9CEB8-8B4A-11D0-8D11-00A0C91BC942}") = "draco_compression_attributes_pred_schemes_dec", "draco_compression_attributes_pred_schemes_dec.vcxproj", "{32BC3264-D78D-3453-888B-2486FC3F9D57}"
	ProjectSection(ProjectDependencies) = postProject
		{C7F0089F-0B16-3714-9352-9CE56DEE4FF1} = {C7F0089F-0B16-3714-9352-9CE56DEE4FF1}
	EndProjectSection
EndProject
Project("{8BC9CEB8-8B4A-11D0-8D11-00A0C91BC942}") = "draco_compression_attributes_pred_schemes_enc", "draco_compression_attributes_pred_schemes_enc.vcxproj", "{0AF4FD15-0712-3285-BF4F-2AC2097DDCF3}"
	ProjectSection(ProjectDependencies) = postProject
		{C7F0089F-0B16-3714-9352-9CE56DEE4FF1} = {C7F0089F-0B16-3714-9352-9CE56DEE4FF1}
	EndProjectSection
EndProject
Project("{8BC9CEB8-8B4A-11D0-8D11-00A0C91BC942}") = "draco_compression_bit_coders", "draco_compression_bit_coders.vcxproj", "{AD897893-7E0B-30BB-BD8C-E89052142FE6}"
	ProjectSection(ProjectDependencies) = postProject
		{C7F0089F-0B16-3714-9352-9CE56DEE4FF1} = {C7F0089F-0B16-3714-9352-9CE56DEE4FF1}
	EndProjectSection
EndProject
Project("{8BC9CEB8-8B4A-11D0-8D11-00A0C91BC942}") = "draco_compression_decode", "draco_compression_decode.vcxproj", "{C8028005-C98F-3510-9049-5AE4790C6722}"
	ProjectSection(ProjectDependencies) = postProject
		{C7F0089F-0B16-3714-9352-9CE56DEE4FF1} = {C7F0089F-0B16-3714-9352-9CE56DEE4FF1}
	EndProjectSection
EndProject
Project("{8BC9CEB8-8B4A-11D0-8D11-00A0C91BC942}") = "draco_compression_encode", "draco_compression_encode.vcxproj", "{25423195-84F2-35CD-8B31-C3B9E8729794}"
	ProjectSection(ProjectDependencies) = postProject
		{C7F0089F-0B16-3714-9352-9CE56DEE4FF1} = {C7F0089F-0B16-3714-9352-9CE56DEE4FF1}
	EndProjectSection
EndProject
Project("{8BC9CEB8-8B4A-11D0-8D11-00A0C91BC942}") = "draco_compression_entropy", "draco_compression_entropy.vcxproj", "{F14F5BB6-C0A0-3102-8218-D30788644580}"
	ProjectSection(ProjectDependencies) = postProject
		{C7F0089F-0B16-3714-9352-9CE56DEE4FF1} = {C7F0089F-0B16-3714-9352-9CE56DEE4FF1}
	EndProjectSection
EndProject
Project("{8BC9CEB8-8B4A-11D0-8D11-00A0C91BC942}") = "draco_compression_mesh_dec", "draco_compression_mesh_dec.vcxproj", "{1226637E-6123-3907-B026-CF246CF6EC7B}"
	ProjectSection(ProjectDependencies) = postProject
		{C7F0089F-0B16-3714-9352-9CE56DEE4FF1} = {C7F0089F-0B16-3714-9352-9CE56DEE4FF1}
	EndProjectSection
EndProject
Project("{8BC9CEB8-8B4A-11D0-8D11-00A0C91BC942}") = "draco_compression_mesh_enc", "draco_compression_mesh_enc.vcxproj", "{7402D415-DE58-3BF8-A13C-8D0144993F09}"
	ProjectSection(ProjectDependencies) = postProject
		{C7F0089F-0B16-3714-9352-9CE56DEE4FF1} = {C7F0089F-0B16-3714-9352-9CE56DEE4FF1}
	EndProjectSection
EndProject
Project("{8BC9CEB8-8B4A-11D0-8D11-00A0C91BC942}") = "draco_compression_mesh_traverser", "draco_compression_mesh_traverser.vcxproj", "{6286271D-750C-3766-8D98-E3167DD83C35}"
	ProjectSection(ProjectDependencies) = postProject
		{C7F0089F-0B16-3714-9352-9CE56DEE4FF1} = {C7F0089F-0B16-3714-9352-9CE56DEE4FF1}
	EndProjectSection
EndProject
Project("{8BC9CEB8-8B4A-11D0-8D11-00A0C91BC942}") = "draco_compression_point_cloud_dec", "draco_compression_point_cloud_dec.vcxproj", "{3372A0F9-BB8C-32FE-A8B1-E0A1A45ABC1C}"
	ProjectSection(ProjectDependencies) = postProject
		{C7F0089F-0B16-3714-9352-9CE56DEE4FF1} = {C7F0089F-0B16-3714-9352-9CE56DEE4FF1}
	EndProjectSection
EndProject
Project("{8BC9CEB8-8B4A-11D0-8D11-00A0C91BC942}") = "draco_compression_point_cloud_enc", "draco_compression_point_cloud_enc.vcxproj", "{586D9DC5-135D-3DC7-93FA-C682EBC8A9FB}"
	ProjectSection(ProjectDependencies) = postProject
		{C7F0089F-0B16-3714-9352-9CE56DEE4FF1} = {C7F0089F-0B16-3714-9352-9CE56DEE4FF1}
	EndProjectSection
EndProject
Project("{8BC9CEB8-8B4A-11D0-8D11-00A0C91BC942}") = "draco_core", "draco_core.vcxproj", "{00839DA2-779D-3B6F-AF2F-84254421AD38}"
	ProjectSection(ProjectDependencies) = postProject
		{C7F0089F-0B16-3714-9352-9CE56DEE4FF1} = {C7F0089F-0B16-3714-9352-9CE56DEE4FF1}
	EndProjectSection
EndProject
Project("{8BC9CEB8-8B4A-11D0-8D11-00A0C91BC942}") = "draco_dec_config", "draco_dec_config.vcxproj", "{4EC3DD1C-DE51-3990-8325-A28170A5E8A8}"
	ProjectSection(ProjectDependencies) = postProject
		{C7F0089F-0B16-3714-9352-9CE56DEE4FF1} = {C7F0089F-0B16-3714-9352-9CE56DEE4FF1}
	EndProjectSection
EndProject
Project("{8BC9CEB8-8B4A-11D0-8D11-00A0C91BC942}") = "draco_decoder", "draco_decoder.vcxproj", "{B9943983-F2C4-3D1E-B874-6FEEFD91FA86}"
	ProjectSection(ProjectDependencies) = postProject
		{C7F0089F-0B16-3714-9352-9CE56DEE4FF1} = {C7F0089F-0B16-3714-9352-9CE56DEE4FF1}
		{38FD0DAC-751A-3364-8AEA-794A98B279FD} = {38FD0DAC-751A-3364-8AEA-794A98B279FD}
	EndProjectSection
EndProject
Project("{8BC9CEB8-8B4A-11D0-8D11-00A0C91BC942}") = "draco_enc_config", "draco_enc_config.vcxproj", "{5022AC76-E67E-371E-8F05-E1C0F069ADBC}"
	ProjectSection(ProjectDependencies) = postProject
		{C7F0089F-0B16-3714-9352-9CE56DEE4FF1} = {C7F0089F-0B16-3714-9352-9CE56DEE4FF1}
	EndProjectSection
EndProject
Project("{8BC9CEB8-8B4A-11D0-8D11-00A0C91BC942}") = "draco_encoder", "draco_encoder.vcxproj", "{7C5F35B1-94F3-3FF6-90CC-FDC8F0206831}"
	ProjectSection(ProjectDependencies) = postProject
		{C7F0089F-0B16-3714-9352-9CE56DEE4FF1} = {C7F0089F-0B16-3714-9352-9CE56DEE4FF1}
		{09472A62-1C61-3B05-A123-7448E69A3DB0} = {09472A62-1C61-3B05-A123-7448E69A3DB0}
	EndProjectSection
EndProject
Project("{8BC9CEB8-8B4A-11D0-8D11-00A0C91BC942}") = "draco_io", "draco_io.vcxproj", "{16EC12A2-1D1A-3C5E-BFE4-3AE76D5369A4}"
	ProjectSection(ProjectDependencies) = postProject
		{C7F0089F-0B16-3714-9352-9CE56DEE4FF1} = {C7F0089F-0B16-3714-9352-9CE56DEE4FF1}
	EndProjectSection
EndProject
Project("{8BC9CEB8-8B4A-11D0-8D11-00A0C91BC942}") = "draco_mesh", "draco_mesh.vcxproj", "{1C843BDE-27FC-33BF-B164-250C279A9FD1}"
	ProjectSection(ProjectDependencies) = postProject
		{C7F0089F-0B16-3714-9352-9CE56DEE4FF1} = {C7F0089F-0B16-3714-9352-9CE56DEE4FF1}
	EndProjectSection
EndProject
Project("{8BC9CEB8-8B4A-11D0-8D11-00A0C91BC942}") = "draco_metadata", "draco_metadata.vcxproj", "{2DA88BF4-E904-3095-9683-15B64B5442AC}"
	ProjectSection(ProjectDependencies) = postProject
		{C7F0089F-0B16-3714-9352-9CE56DEE4FF1} = {C7F0089F-0B16-3714-9352-9CE56DEE4FF1}
	EndProjectSection
EndProject
Project("{8BC9CEB8-8B4A-11D0-8D11-00A0C91BC942}") = "draco_metadata_dec", "draco_metadata_dec.vcxproj", "{B2F1AEF1-86F3-3EB1-B479-10C96EC120B6}"
	ProjectSection(ProjectDependencies) = postProject
		{C7F0089F-0B16-3714-9352-9CE56DEE4FF1} = {C7F0089F-0B16-3714-9352-9CE56DEE4FF1}
	EndProjectSection
EndProject
Project("{8BC9CEB8-8B4A-11D0-8D11-00A0C91BC942}") = "draco_metadata_enc", "draco_metadata_enc.vcxproj", "{4B7B8FF4-8783-3EFB-950A-E6FE998324D3}"
	ProjectSection(ProjectDependencies) = postProject
		{C7F0089F-0B16-3714-9352-9CE56DEE4FF1} = {C7F0089F-0B16-3714-9352-9CE56DEE4FF1}
	EndProjectSection
EndProject
Project("{8BC9CEB8-8B4A-11D0-8D11-00A0C91BC942}") = "draco_point_cloud", "draco_point_cloud.vcxproj", "{931A3CB6-BF1C-33E2-AF59-3FFC2250EAD6}"
	ProjectSection(ProjectDependencies) = postProject
		{C7F0089F-0B16-3714-9352-9CE56DEE4FF1} = {C7F0089F-0B16-3714-9352-9CE56DEE4FF1}
	EndProjectSection
EndProject
Project("{8BC9CEB8-8B4A-11D0-8D11-00A0C91BC942}") = "draco_points_dec", "draco_points_dec.vcxproj", "{141B95BD-B4C3-317A-BA41-F4A924386AD3}"
	ProjectSection(ProjectDependencies) = postProject
		{C7F0089F-0B16-3714-9352-9CE56DEE4FF1} = {C7F0089F-0B16-3714-9352-9CE56DEE4FF1}
	EndProjectSection
EndProject
Project("{8BC9CEB8-8B4A-11D0-8D11-00A0C91BC942}") = "draco_points_enc", "draco_points_enc.vcxproj", "{30BBE068-2F8F-3E65-8F2B-A9E0DE76A8C3}"
	ProjectSection(ProjectDependencies) = postProject
		{C7F0089F-0B16-3714-9352-9CE56DEE4FF1} = {C7F0089F-0B16-3714-9352-9CE56DEE4FF1}
	EndProjectSection
EndProject
Project("{8BC9CEB8-8B4A-11D0-8D11-00A0C91BC942}") = "dracodec", "dracodec.vcxproj", "{38FD0DAC-751A-3364-8AEA-794A98B279FD}"
	ProjectSection(ProjectDependencies) = postProject
		{C7F0089F-0B16-3714-9352-9CE56DEE4FF1} = {C7F0089F-0B16-3714-9352-9CE56DEE4FF1}
		{D3726C7D-0FBA-3A67-8845-FF44BCC103A8} = {D3726C7D-0FBA-3A67-8845-FF44BCC103A8}
		{C9D49933-A940-3774-9D0C-E18337D15F22} = {C9D49933-A940-3774-9D0C-E18337D15F22}
		{83C06E0A-DF03-3F79-8930-4331CE9FA98A} = {83C06E0A-DF03-3F79-8930-4331CE9FA98A}
		{619AFF5F-B5E7-3DD6-98FF-78A52E7366A6} = {619AFF5F-B5E7-3DD6-98FF-78A52E7366A6}
		{AD897893-7E0B-30BB-BD8C-E89052142FE6} = {AD897893-7E0B-30BB-BD8C-E89052142FE6}
		{C8028005-C98F-3510-9049-5AE4790C6722} = {C8028005-C98F-3510-9049-5AE4790C6722}
		{F14F5BB6-C0A0-3102-8218-D30788644580} = {F14F5BB6-C0A0-3102-8218-D30788644580}
		{1226637E-6123-3907-B026-CF246CF6EC7B} = {1226637E-6123-3907-B026-CF246CF6EC7B}
		{3372A0F9-BB8C-32FE-A8B1-E0A1A45ABC1C} = {3372A0F9-BB8C-32FE-A8B1-E0A1A45ABC1C}
		{00839DA2-779D-3B6F-AF2F-84254421AD38} = {00839DA2-779D-3B6F-AF2F-84254421AD38}
		{4EC3DD1C-DE51-3990-8325-A28170A5E8A8} = {4EC3DD1C-DE51-3990-8325-A28170A5E8A8}
		{16EC12A2-1D1A-3C5E-BFE4-3AE76D5369A4} = {16EC12A2-1D1A-3C5E-BFE4-3AE76D5369A4}
		{1C843BDE-27FC-33BF-B164-250C279A9FD1} = {1C843BDE-27FC-33BF-B164-250C279A9FD1}
		{2DA88BF4-E904-3095-9683-15B64B5442AC} = {2DA88BF4-E904-3095-9683-15B64B5442AC}
		{B2F1AEF1-86F3-3EB1-B479-10C96EC120B6} = {B2F1AEF1-86F3-3EB1-B479-10C96EC120B6}
		{931A3CB6-BF1C-33E2-AF59-3FFC2250EAD6} = {931A3CB6-BF1C-33E2-AF59-3FFC2250EAD6}
		{141B95BD-B4C3-317A-BA41-F4A924386AD3} = {141B95BD-B4C3-317A-BA41-F4A924386AD3}
	EndProjectSection
EndProject
Project("{8BC9CEB8-8B4A-11D0-8D11-00A0C91BC942}") = "dracoenc", "dracoenc.vcxproj", "{B161A311-79B6-3B19-AF21-9AF3610AECAE}"
	ProjectSection(ProjectDependencies) = postProject
		{C7F0089F-0B16-3714-9352-9CE56DEE4FF1} = {C7F0089F-0B16-3714-9352-9CE56DEE4FF1}
		{D3726C7D-0FBA-3A67-8845-FF44BCC103A8} = {D3726C7D-0FBA-3A67-8845-FF44BCC103A8}
		{11187E49-C4FA-3785-8162-260CCC291FC0} = {11187E49-C4FA-3785-8162-260CCC291FC0}
		{83C06E0A-DF03-3F79-8930-4331CE9FA98A} = {83C06E0A-DF03-3F79-8930-4331CE9FA98A}
		{0B1BFBBB-C2CF-341E-81B5-EF61F3E12E97} = {0B1BFBBB-C2CF-341E-81B5-EF61F3E12E97}
		{0AF4FD15-0712-3285-BF4F-2AC2097DDCF3} = {0AF4FD15-0712-3285-BF4F-2AC2097DDCF3}
		{AD897893-7E0B-30BB-BD8C-E89052142FE6} = {AD897893-7E0B-30BB-BD8C-E89052142FE6}
		{25423195-84F2-35CD-8B31-C3B9E8729794} = {25423195-84F2-35CD-8B31-C3B9E8729794}
		{F14F5BB6-C0A0-3102-8218-D30788644580} = {F14F5BB6-C0A0-3102-8218-D30788644580}
		{7402D415-DE58-3BF8-A13C-8D0144993F09} = {7402D415-DE58-3BF8-A13C-8D0144993F09}
		{586D9DC5-135D-3DC7-93FA-C682EBC8A9FB} = {586D9DC5-135D-3DC7-93FA-C682EBC8A9FB}
		{00839DA2-779D-3B6F-AF2F-84254421AD38} = {00839DA2-779D-3B6F-AF2F-84254421AD38}
		{5022AC76-E67E-371E-8F05-E1C0F069ADBC} = {5022AC76-E67E-371E-8F05-E1C0F069ADBC}
		{1C843BDE-27FC-33BF-B164-250C279A9FD1} = {1C843BDE-27FC-33BF-B164-250C279A9FD1}
		{2DA88BF4-E904-3095-9683-15B64B5442AC} = {2DA88BF4-E904-3095-9683-15B64B5442AC}
		{4B7B8FF4-8783-3EFB-950A-E6FE998324D3} = {4B7B8FF4-8783-3EFB-950A-E6FE998324D3}
		{931A3CB6-BF1C-33E2-AF59-3FFC2250EAD6} = {931A3CB6-BF1C-33E2-AF59-3FFC2250EAD6}
		{30BBE068-2F8F-3E65-8F2B-A9E0DE76A8C3} = {30BBE068-2F8F-3E65-8F2B-A9E0DE76A8C3}
	EndProjectSection
EndProject
Global
	GlobalSection(SolutionConfigurationPlatforms) = preSolution
		Debug|x64 = Debug|x64
		Release|x64 = Release|x64
		MinSizeRel|x64 = MinSizeRel|x64
		RelWithDebInfo|x64 = RelWithDebInfo|x64
	EndGlobalSection
	GlobalSection(ProjectConfigurationPlatforms) = postSolution
		{34D3B7C5-9879-3AFA-8F58-F9EAEFA99CEC}.Debug|x64.ActiveCfg = Debug|x64
		{34D3B7C5-9879-3AFA-8F58-F9EAEFA99CEC}.Debug|x64.Build.0 = Debug|x64
		{34D3B7C5-9879-3AFA-8F58-F9EAEFA99CEC}.Release|x64.ActiveCfg = Release|x64
		{34D3B7C5-9879-3AFA-8F58-F9EAEFA99CEC}.Release|x64.Build.0 = Release|x64
		{34D3B7C5-9879-3AFA-8F58-F9EAEFA99CEC}.MinSizeRel|x64.ActiveCfg = MinSizeRel|x64
		{34D3B7C5-9879-3AFA-8F58-F9EAEFA99CEC}.MinSizeRel|x64.Build.0 = MinSizeRel|x64
		{34D3B7C5-9879-3AFA-8F58-F9EAEFA99CEC}.RelWithDebInfo|x64.ActiveCfg = RelWithDebInfo|x64
		{34D3B7C5-9879-3AFA-8F58-F9EAEFA99CEC}.RelWithDebInfo|x64.Build.0 = RelWithDebInfo|x64
		{9AFBEE74-BF92-33D5-A01D-6DA07D5F99D9}.Debug|x64.ActiveCfg = Debug|x64
		{9AFBEE74-BF92-33D5-A01D-6DA07D5F99D9}.Release|x64.ActiveCfg = Release|x64
		{9AFBEE74-BF92-33D5-A01D-6DA07D5F99D9}.MinSizeRel|x64.ActiveCfg = MinSizeRel|x64
		{9AFBEE74-BF92-33D5-A01D-6DA07D5F99D9}.RelWithDebInfo|x64.ActiveCfg = RelWithDebInfo|x64
		{C7F0089F-0B16-3714-9352-9CE56DEE4FF1}.Debug|x64.ActiveCfg = Debug|x64
		{C7F0089F-0B16-3714-9352-9CE56DEE4FF1}.Debug|x64.Build.0 = Debug|x64
		{C7F0089F-0B16-3714-9352-9CE56DEE4FF1}.Release|x64.ActiveCfg = Release|x64
		{C7F0089F-0B16-3714-9352-9CE56DEE4FF1}.Release|x64.Build.0 = Release|x64
		{C7F0089F-0B16-3714-9352-9CE56DEE4FF1}.MinSizeRel|x64.ActiveCfg = MinSizeRel|x64
		{C7F0089F-0B16-3714-9352-9CE56DEE4FF1}.MinSizeRel|x64.Build.0 = MinSizeRel|x64
		{C7F0089F-0B16-3714-9352-9CE56DEE4FF1}.RelWithDebInfo|x64.ActiveCfg = RelWithDebInfo|x64
		{C7F0089F-0B16-3714-9352-9CE56DEE4FF1}.RelWithDebInfo|x64.Build.0 = RelWithDebInfo|x64
		{09472A62-1C61-3B05-A123-7448E69A3DB0}.Debug|x64.ActiveCfg = Debug|x64
		{09472A62-1C61-3B05-A123-7448E69A3DB0}.Debug|x64.Build.0 = Debug|x64
		{09472A62-1C61-3B05-A123-7448E69A3DB0}.Release|x64.ActiveCfg = Release|x64
		{09472A62-1C61-3B05-A123-7448E69A3DB0}.Release|x64.Build.0 = Release|x64
		{09472A62-1C61-3B05-A123-7448E69A3DB0}.MinSizeRel|x64.ActiveCfg = MinSizeRel|x64
		{09472A62-1C61-3B05-A123-7448E69A3DB0}.MinSizeRel|x64.Build.0 = MinSizeRel|x64
		{09472A62-1C61-3B05-A123-7448E69A3DB0}.RelWithDebInfo|x64.ActiveCfg = RelWithDebInfo|x64
		{09472A62-1C61-3B05-A123-7448E69A3DB0}.RelWithDebInfo|x64.Build.0 = RelWithDebInfo|x64
		{D3726C7D-0FBA-3A67-8845-FF44BCC103A8}.Debug|x64.ActiveCfg = Debug|x64
		{D3726C7D-0FBA-3A67-8845-FF44BCC103A8}.Debug|x64.Build.0 = Debug|x64
		{D3726C7D-0FBA-3A67-8845-FF44BCC103A8}.Release|x64.ActiveCfg = Release|x64
		{D3726C7D-0FBA-3A67-8845-FF44BCC103A8}.Release|x64.Build.0 = Release|x64
		{D3726C7D-0FBA-3A67-8845-FF44BCC103A8}.MinSizeRel|x64.ActiveCfg = MinSizeRel|x64
		{D3726C7D-0FBA-3A67-8845-FF44BCC103A8}.MinSizeRel|x64.Build.0 = MinSizeRel|x64
		{D3726C7D-0FBA-3A67-8845-FF44BCC103A8}.RelWithDebInfo|x64.ActiveCfg = RelWithDebInfo|x64
		{D3726C7D-0FBA-3A67-8845-FF44BCC103A8}.RelWithDebInfo|x64.Build.0 = RelWithDebInfo|x64
		{C9D49933-A940-3774-9D0C-E18337D15F22}.Debug|x64.ActiveCfg = Debug|x64
		{C9D49933-A940-3774-9D0C-E18337D15F22}.Debug|x64.Build.0 = Debug|x64
		{C9D49933-A940-3774-9D0C-E18337D15F22}.Release|x64.ActiveCfg = Release|x64
		{C9D49933-A940-3774-9D0C-E18337D15F22}.Release|x64.Build.0 = Release|x64
		{C9D49933-A940-3774-9D0C-E18337D15F22}.MinSizeRel|x64.ActiveCfg = MinSizeRel|x64
		{C9D49933-A940-3774-9D0C-E18337D15F22}.MinSizeRel|x64.Build.0 = MinSizeRel|x64
		{C9D49933-A940-3774-9D0C-E18337D15F22}.RelWithDebInfo|x64.ActiveCfg = RelWithDebInfo|x64
		{C9D49933-A940-3774-9D0C-E18337D15F22}.RelWithDebInfo|x64.Build.0 = RelWithDebInfo|x64
		{11187E49-C4FA-3785-8162-260CCC291FC0}.Debug|x64.ActiveCfg = Debug|x64
		{11187E49-C4FA-3785-8162-260CCC291FC0}.Debug|x64.Build.0 = Debug|x64
		{11187E49-C4FA-3785-8162-260CCC291FC0}.Release|x64.ActiveCfg = Release|x64
		{11187E49-C4FA-3785-8162-260CCC291FC0}.Release|x64.Build.0 = Release|x64
		{11187E49-C4FA-3785-8162-260CCC291FC0}.MinSizeRel|x64.ActiveCfg = MinSizeRel|x64
		{11187E49-C4FA-3785-8162-260CCC291FC0}.MinSizeRel|x64.Build.0 = MinSizeRel|x64
		{11187E49-C4FA-3785-8162-260CCC291FC0}.RelWithDebInfo|x64.ActiveCfg = RelWithDebInfo|x64
		{11187E49-C4FA-3785-8162-260CCC291FC0}.RelWithDebInfo|x64.Build.0 = RelWithDebInfo|x64
		{83C06E0A-DF03-3F79-8930-4331CE9FA98A}.Debug|x64.ActiveCfg = Debug|x64
		{83C06E0A-DF03-3F79-8930-4331CE9FA98A}.Debug|x64.Build.0 = Debug|x64
		{83C06E0A-DF03-3F79-8930-4331CE9FA98A}.Release|x64.ActiveCfg = Release|x64
		{83C06E0A-DF03-3F79-8930-4331CE9FA98A}.Release|x64.Build.0 = Release|x64
		{83C06E0A-DF03-3F79-8930-4331CE9FA98A}.MinSizeRel|x64.ActiveCfg = MinSizeRel|x64
		{83C06E0A-DF03-3F79-8930-4331CE9FA98A}.MinSizeRel|x64.Build.0 = MinSizeRel|x64
		{83C06E0A-DF03-3F79-8930-4331CE9FA98A}.RelWithDebInfo|x64.ActiveCfg = RelWithDebInfo|x64
		{83C06E0A-DF03-3F79-8930-4331CE9FA98A}.RelWithDebInfo|x64.Build.0 = RelWithDebInfo|x64
		{619AFF5F-B5E7-3DD6-98FF-78A52E7366A6}.Debug|x64.ActiveCfg = Debug|x64
		{619AFF5F-B5E7-3DD6-98FF-78A52E7366A6}.Debug|x64.Build.0 = Debug|x64
		{619AFF5F-B5E7-3DD6-98FF-78A52E7366A6}.Release|x64.ActiveCfg = Release|x64
		{619AFF5F-B5E7-3DD6-98FF-78A52E7366A6}.Release|x64.Build.0 = Release|x64
		{619AFF5F-B5E7-3DD6-98FF-78A52E7366A6}.MinSizeRel|x64.ActiveCfg = MinSizeRel|x64
		{619AFF5F-B5E7-3DD6-98FF-78A52E7366A6}.MinSizeRel|x64.Build.0 = MinSizeRel|x64
		{619AFF5F-B5E7-3DD6-98FF-78A52E7366A6}.RelWithDebInfo|x64.ActiveCfg = RelWithDebInfo|x64
		{619AFF5F-B5E7-3DD6-98FF-78A52E7366A6}.RelWithDebInfo|x64.Build.0 = RelWithDebInfo|x64
		{0B1BFBBB-C2CF-341E-81B5-EF61F3E12E97}.Debug|x64.ActiveCfg = Debug|x64
		{0B1BFBBB-C2CF-341E-81B5-EF61F3E12E97}.Debug|x64.Build.0 = Debug|x64
		{0B1BFBBB-C2CF-341E-81B5-EF61F3E12E97}.Release|x64.ActiveCfg = Release|x64
		{0B1BFBBB-C2CF-341E-81B5-EF61F3E12E97}.Release|x64.Build.0 = Release|x64
		{0B1BFBBB-C2CF-341E-81B5-EF61F3E12E97}.MinSizeRel|x64.ActiveCfg = MinSizeRel|x64
		{0B1BFBBB-C2CF-341E-81B5-EF61F3E12E97}.MinSizeRel|x64.Build.0 = MinSizeRel|x64
		{0B1BFBBB-C2CF-341E-81B5-EF61F3E12E97}.RelWithDebInfo|x64.ActiveCfg = RelWithDebInfo|x64
		{0B1BFBBB-C2CF-341E-81B5-EF61F3E12E97}.RelWithDebInfo|x64.Build.0 = RelWithDebInfo|x64
		{32BC3264-D78D-3453-888B-2486FC3F9D57}.Debug|x64.ActiveCfg = Debug|x64
		{32BC3264-D78D-3453-888B-2486FC3F9D57}.Debug|x64.Build.0 = Debug|x64
		{32BC3264-D78D-3453-888B-2486FC3F9D57}.Release|x64.ActiveCfg = Release|x64
		{32BC3264-D78D-3453-888B-2486FC3F9D57}.Release|x64.Build.0 = Release|x64
		{32BC3264-D78D-3453-888B-2486FC3F9D57}.MinSizeRel|x64.ActiveCfg = MinSizeRel|x64
		{32BC3264-D78D-3453-888B-2486FC3F9D57}.MinSizeRel|x64.Build.0 = MinSizeRel|x64
		{32BC3264-D78D-3453-888B-2486FC3F9D57}.RelWithDebInfo|x64.ActiveCfg = RelWithDebInfo|x64
		{32BC3264-D78D-3453-888B-2486FC3F9D57}.RelWithDebInfo|x64.Build.0 = RelWithDebInfo|x64
		{0AF4FD15-0712-3285-BF4F-2AC2097DDCF3}.Debug|x64.ActiveCfg = Debug|x64
		{0AF4FD15-0712-3285-BF4F-2AC2097DDCF3}.Debug|x64.Build.0 = Debug|x64
		{0AF4FD15-0712-3285-BF4F-2AC2097DDCF3}.Release|x64.ActiveCfg = Release|x64
		{0AF4FD15-0712-3285-BF4F-2AC2097DDCF3}.Release|x64.Build.0 = Release|x64
		{0AF4FD15-0712-3285-BF4F-2AC2097DDCF3}.MinSizeRel|x64.ActiveCfg = MinSizeRel|x64
		{0AF4FD15-0712-3285-BF4F-2AC2097DDCF3}.MinSizeRel|x64.Build.0 = MinSizeRel|x64
		{0AF4FD15-0712-3285-BF4F-2AC2097DDCF3}.RelWithDebInfo|x64.ActiveCfg = RelWithDebInfo|x64
		{0AF4FD15-0712-3285-BF4F-2AC2097DDCF3}.RelWithDebInfo|x64.Build.0 = RelWithDebInfo|x64
		{AD897893-7E0B-30BB-BD8C-E89052142FE6}.Debug|x64.ActiveCfg = Debug|x64
		{AD897893-7E0B-30BB-BD8C-E89052142FE6}.Debug|x64.Build.0 = Debug|x64
		{AD897893-7E0B-30BB-BD8C-E89052142FE6}.Release|x64.ActiveCfg = Release|x64
		{AD897893-7E0B-30BB-BD8C-E89052142FE6}.Release|x64.Build.0 = Release|x64
		{AD897893-7E0B-30BB-BD8C-E89052142FE6}.MinSizeRel|x64.ActiveCfg = MinSizeRel|x64
		{AD897893-7E0B-30BB-BD8C-E89052142FE6}.MinSizeRel|x64.Build.0 = MinSizeRel|x64
		{AD897893-7E0B-30BB-BD8C-E89052142FE6}.RelWithDebInfo|x64.ActiveCfg = RelWithDebInfo|x64
		{AD897893-7E0B-30BB-BD8C-E89052142FE6}.RelWithDebInfo|x64.Build.0 = RelWithDebInfo|x64
		{C8028005-C98F-3510-9049-5AE4790C6722}.Debug|x64.ActiveCfg = Debug|x64
		{C8028005-C98F-3510-9049-5AE4790C6722}.Debug|x64.Build.0 = Debug|x64
		{C8028005-C98F-3510-9049-5AE4790C6722}.Release|x64.ActiveCfg = Release|x64
		{C8028005-C98F-3510-9049-5AE4790C6722}.Release|x64.Build.0 = Release|x64
		{C8028005-C98F-3510-9049-5AE4790C6722}.MinSizeRel|x64.ActiveCfg = MinSizeRel|x64
		{C8028005-C98F-3510-9049-5AE4790C6722}.MinSizeRel|x64.Build.0 = MinSizeRel|x64
		{C8028005-C98F-3510-9049-5AE4790C6722}.RelWithDebInfo|x64.ActiveCfg = RelWithDebInfo|x64
		{C8028005-C98F-3510-9049-5AE4790C6722}.RelWithDebInfo|x64.Build.0 = RelWithDebInfo|x64
		{25423195-84F2-35CD-8B31-C3B9E8729794}.Debug|x64.ActiveCfg = Debug|x64
		{25423195-84F2-35CD-8B31-C3B9E8729794}.Debug|x64.Build.0 = Debug|x64
		{25423195-84F2-35CD-8B31-C3B9E8729794}.Release|x64.ActiveCfg = Release|x64
		{25423195-84F2-35CD-8B31-C3B9E8729794}.Release|x64.Build.0 = Release|x64
		{25423195-84F2-35CD-8B31-C3B9E8729794}.MinSizeRel|x64.ActiveCfg = MinSizeRel|x64
		{25423195-84F2-35CD-8B31-C3B9E8729794}.MinSizeRel|x64.Build.0 = MinSizeRel|x64
		{25423195-84F2-35CD-8B31-C3B9E8729794}.RelWithDebInfo|x64.ActiveCfg = RelWithDebInfo|x64
		{25423195-84F2-35CD-8B31-C3B9E8729794}.RelWithDebInfo|x64.Build.0 = RelWithDebInfo|x64
		{F14F5BB6-C0A0-3102-8218-D30788644580}.Debug|x64.ActiveCfg = Debug|x64
		{F14F5BB6-C0A0-3102-8218-D30788644580}.Debug|x64.Build.0 = Debug|x64
		{F14F5BB6-C0A0-3102-8218-D30788644580}.Release|x64.ActiveCfg = Release|x64
		{F14F5BB6-C0A0-3102-8218-D30788644580}.Release|x64.Build.0 = Release|x64
		{F14F5BB6-C0A0-3102-8218-D30788644580}.MinSizeRel|x64.ActiveCfg = MinSizeRel|x64
		{F14F5BB6-C0A0-3102-8218-D30788644580}.MinSizeRel|x64.Build.0 = MinSizeRel|x64
		{F14F5BB6-C0A0-3102-8218-D30788644580}.RelWithDebInfo|x64.ActiveCfg = RelWithDebInfo|x64
		{F14F5BB6-C0A0-3102-8218-D30788644580}.RelWithDebInfo|x64.Build.0 = RelWithDebInfo|x64
		{1226637E-6123-3907-B026-CF246CF6EC7B}.Debug|x64.ActiveCfg = Debug|x64
		{1226637E-6123-3907-B026-CF246CF6EC7B}.Debug|x64.Build.0 = Debug|x64
		{1226637E-6123-3907-B026-CF246CF6EC7B}.Release|x64.ActiveCfg = Release|x64
		{1226637E-6123-3907-B026-CF246CF6EC7B}.Release|x64.Build.0 = Release|x64
		{1226637E-6123-3907-B026-CF246CF6EC7B}.MinSizeRel|x64.ActiveCfg = MinSizeRel|x64
		{1226637E-6123-3907-B026-CF246CF6EC7B}.MinSizeRel|x64.Build.0 = MinSizeRel|x64
		{1226637E-6123-3907-B026-CF246CF6EC7B}.RelWithDebInfo|x64.ActiveCfg = RelWithDebInfo|x64
		{1226637E-6123-3907-B026-CF246CF6EC7B}.RelWithDebInfo|x64.Build.0 = RelWithDebInfo|x64
		{7402D415-DE58-3BF8-A13C-8D0144993F09}.Debug|x64.ActiveCfg = Debug|x64
		{7402D415-DE58-3BF8-A13C-8D0144993F09}.Debug|x64.Build.0 = Debug|x64
		{7402D415-DE58-3BF8-A13C-8D0144993F09}.Release|x64.ActiveCfg = Release|x64
		{7402D415-DE58-3BF8-A13C-8D0144993F09}.Release|x64.Build.0 = Release|x64
		{7402D415-DE58-3BF8-A13C-8D0144993F09}.MinSizeRel|x64.ActiveCfg = MinSizeRel|x64
		{7402D415-DE58-3BF8-A13C-8D0144993F09}.MinSizeRel|x64.Build.0 = MinSizeRel|x64
		{7402D415-DE58-3BF8-A13C-8D0144993F09}.RelWithDebInfo|x64.ActiveCfg = RelWithDebInfo|x64
		{7402D415-DE58-3BF8-A13C-8D0144993F09}.RelWithDebInfo|x64.Build.0 = RelWithDebInfo|x64
		{6286271D-750C-3766-8D98-E3167DD83C35}.Debug|x64.ActiveCfg = Debug|x64
		{6286271D-750C-3766-8D98-E3167DD83C35}.Debug|x64.Build.0 = Debug|x64
		{6286271D-750C-3766-8D98-E3167DD83C35}.Release|x64.ActiveCfg = Release|x64
		{6286271D-750C-3766-8D98-E3167DD83C35}.Release|x64.Build.0 = Release|x64
		{6286271D-750C-3766-8D98-E3167DD83C35}.MinSizeRel|x64.ActiveCfg = MinSizeRel|x64
		{6286271D-750C-3766-8D98-E3167DD83C35}.MinSizeRel|x64.Build.0 = MinSizeRel|x64
		{6286271D-750C-3766-8D98-E3167DD83C35}.RelWithDebInfo|x64.ActiveCfg = RelWithDebInfo|x64
		{6286271D-750C-3766-8D98-E3167DD83C35}.RelWithDebInfo|x64.Build.0 = RelWithDebInfo|x64
		{3372A0F9-BB8C-32FE-A8B1-E0A1A45ABC1C}.Debug|x64.ActiveCfg = Debug|x64
		{3372A0F9-BB8C-32FE-A8B1-E0A1A45ABC1C}.Debug|x64.Build.0 = Debug|x64
		{3372A0F9-BB8C-32FE-A8B1-E0A1A45ABC1C}.Release|x64.ActiveCfg = Release|x64
		{3372A0F9-BB8C-32FE-A8B1-E0A1A45ABC1C}.Release|x64.Build.0 = Release|x64
		{3372A0F9-BB8C-32FE-A8B1-E0A1A45ABC1C}.MinSizeRel|x64.ActiveCfg = MinSizeRel|x64
		{3372A0F9-BB8C-32FE-A8B1-E0A1A45ABC1C}.MinSizeRel|x64.Build.0 = MinSizeRel|x64
		{3372A0F9-BB8C-32FE-A8B1-E0A1A45ABC1C}.RelWithDebInfo|x64.ActiveCfg = RelWithDebInfo|x64
		{3372A0F9-BB8C-32FE-A8B1-E0A1A45ABC1C}.RelWithDebInfo|x64.Build.0 = RelWithDebInfo|x64
		{586D9DC5-135D-3DC7-93FA-C682EBC8A9FB}.Debug|x64.ActiveCfg = Debug|x64
		{586D9DC5-135D-3DC7-93FA-C682EBC8A9FB}.Debug|x64.Build.0 = Debug|x64
		{586D9DC5-135D-3DC7-93FA-C682EBC8A9FB}.Release|x64.ActiveCfg = Release|x64
		{586D9DC5-135D-3DC7-93FA-C682EBC8A9FB}.Release|x64.Build.0 = Release|x64
		{586D9DC5-135D-3DC7-93FA-C682EBC8A9FB}.MinSizeRel|x64.ActiveCfg = MinSizeRel|x64
		{586D9DC5-135D-3DC7-93FA-C682EBC8A9FB}.MinSizeRel|x64.Build.0 = MinSizeRel|x64
		{586D9DC5-135D-3DC7-93FA-C682EBC8A9FB}.RelWithDebInfo|x64.ActiveCfg = RelWithDebInfo|x64
		{586D9DC5-135D-3DC7-93FA-C682EBC8A9FB}.RelWithDebInfo|x64.Build.0 = RelWithDebInfo|x64
		{00839DA2-779D-3B6F-AF2F-84254421AD38}.Debug|x64.ActiveCfg = Debug|x64
		{00839DA2-779D-3B6F-AF2F-84254421AD38}.Debug|x64.Build.0 = Debug|x64
		{00839DA2-779D-3B6F-AF2F-84254421AD38}.Release|x64.ActiveCfg = Release|x64
		{00839DA2-779D-3B6F-AF2F-84254421AD38}.Release|x64.Build.0 = Release|x64
		{00839DA2-779D-3B6F-AF2F-84254421AD38}.MinSizeRel|x64.ActiveCfg = MinSizeRel|x64
		{00839DA2-779D-3B6F-AF2F-84254421AD38}.MinSizeRel|x64.Build.0 = MinSizeRel|x64
		{00839DA2-779D-3B6F-AF2F-84254421AD38}.RelWithDebInfo|x64.ActiveCfg = RelWithDebInfo|x64
		{00839DA2-779D-3B6F-AF2F-84254421AD38}.RelWithDebInfo|x64.Build.0 = RelWithDebInfo|x64
		{4EC3DD1C-DE51-3990-8325-A28170A5E8A8}.Debug|x64.ActiveCfg = Debug|x64
		{4EC3DD1C-DE51-3990-8325-A28170A5E8A8}.Debug|x64.Build.0 = Debug|x64
		{4EC3DD1C-DE51-3990-8325-A28170A5E8A8}.Release|x64.ActiveCfg = Release|x64
		{4EC3DD1C-DE51-3990-8325-A28170A5E8A8}.Release|x64.Build.0 = Release|x64
		{4EC3DD1C-DE51-3990-8325-A28170A5E8A8}.MinSizeRel|x64.ActiveCfg = MinSizeRel|x64
		{4EC3DD1C-DE51-3990-8325-A28170A5E8A8}.MinSizeRel|x64.Build.0 = MinSizeRel|x64
		{4EC3DD1C-DE51-3990-8325-A28170A5E8A8}.RelWithDebInfo|x64.ActiveCfg = RelWithDebInfo|x64
		{4EC3DD1C-DE51-3990-8325-A28170A5E8A8}.RelWithDebInfo|x64.Build.0 = RelWithDebInfo|x64
		{B9943983-F2C4-3D1E-B874-6FEEFD91FA86}.Debug|x64.ActiveCfg = Debug|x64
		{B9943983-F2C4-3D1E-B874-6FEEFD91FA86}.Debug|x64.Build.0 = Debug|x64
		{B9943983-F2C4-3D1E-B874-6FEEFD91FA86}.Release|x64.ActiveCfg = Release|x64
		{B9943983-F2C4-3D1E-B874-6FEEFD91FA86}.Release|x64.Build.0 = Release|x64
		{B9943983-F2C4-3D1E-B874-6FEEFD91FA86}.MinSizeRel|x64.ActiveCfg = MinSizeRel|x64
		{B9943983-F2C4-3D1E-B874-6FEEFD91FA86}.MinSizeRel|x64.Build.0 = MinSizeRel|x64
		{B9943983-F2C4-3D1E-B874-6FEEFD91FA86}.RelWithDebInfo|x64.ActiveCfg = RelWithDebInfo|x64
		{B9943983-F2C4-3D1E-B874-6FEEFD91FA86}.RelWithDebInfo|x64.Build.0 = RelWithDebInfo|x64
		{5022AC76-E67E-371E-8F05-E1C0F069ADBC}.Debug|x64.ActiveCfg = Debug|x64
		{5022AC76-E67E-371E-8F05-E1C0F069ADBC}.Debug|x64.Build.0 = Debug|x64
		{5022AC76-E67E-371E-8F05-E1C0F069ADBC}.Release|x64.ActiveCfg = Release|x64
		{5022AC76-E67E-371E-8F05-E1C0F069ADBC}.Release|x64.Build.0 = Release|x64
		{5022AC76-E67E-371E-8F05-E1C0F069ADBC}.MinSizeRel|x64.ActiveCfg = MinSizeRel|x64
		{5022AC76-E67E-371E-8F05-E1C0F069ADBC}.MinSizeRel|x64.Build.0 = MinSizeRel|x64
		{5022AC76-E67E-371E-8F05-E1C0F069ADBC}.RelWithDebInfo|x64.ActiveCfg = RelWithDebInfo|x64
		{5022AC76-E67E-371E-8F05-E1C0F069ADBC}.RelWithDebInfo|x64.Build.0 = RelWithDebInfo|x64
		{7C5F35B1-94F3-3FF6-90CC-FDC8F0206831}.Debug|x64.ActiveCfg = Debug|x64
		{7C5F35B1-94F3-3FF6-90CC-FDC8F0206831}.Debug|x64.Build.0 = Debug|x64
		{7C5F35B1-94F3-3FF6-90CC-FDC8F0206831}.Release|x64.ActiveCfg = Release|x64
		{7C5F35B1-94F3-3FF6-90CC-FDC8F0206831}.Release|x64.Build.0 = Release|x64
		{7C5F35B1-94F3-3FF6-90CC-FDC8F0206831}.MinSizeRel|x64.ActiveCfg = MinSizeRel|x64
		{7C5F35B1-94F3-3FF6-90CC-FDC8F0206831}.MinSizeRel|x64.Build.0 = MinSizeRel|x64
		{7C5F35B1-94F3-3FF6-90CC-FDC8F0206831}.RelWithDebInfo|x64.ActiveCfg = RelWithDebInfo|x64
		{7C5F35B1-94F3-3FF6-90CC-FDC8F0206831}.RelWithDebInfo|x64.Build.0 = RelWithDebInfo|x64
		{16EC12A2-1D1A-3C5E-BFE4-3AE76D5369A4}.Debug|x64.ActiveCfg = Debug|x64
		{16EC12A2-1D1A-3C5E-BFE4-3AE76D5369A4}.Debug|x64.Build.0 = Debug|x64
		{16EC12A2-1D1A-3C5E-BFE4-3AE76D5369A4}.Release|x64.ActiveCfg = Release|x64
		{16EC12A2-1D1A-3C5E-BFE4-3AE76D5369A4}.Release|x64.Build.0 = Release|x64
		{16EC12A2-1D1A-3C5E-BFE4-3AE76D5369A4}.MinSizeRel|x64.ActiveCfg = MinSizeRel|x64
		{16EC12A2-1D1A-3C5E-BFE4-3AE76D5369A4}.MinSizeRel|x64.Build.0 = MinSizeRel|x64
		{16EC12A2-1D1A-3C5E-BFE4-3AE76D5369A4}.RelWithDebInfo|x64.ActiveCfg = RelWithDebInfo|x64
		{16EC12A2-1D1A-3C5E-BFE4-3AE76D5369A4}.RelWithDebInfo|x64.Build.0 = RelWithDebInfo|x64
		{1C843BDE-27FC-33BF-B164-250C279A9FD1}.Debug|x64.ActiveCfg = Debug|x64
		{1C843BDE-27FC-33BF-B164-250C279A9FD1}.Debug|x64.Build.0 = Debug|x64
		{1C843BDE-27FC-33BF-B164-250C279A9FD1}.Release|x64.ActiveCfg = Release|x64
		{1C843BDE-27FC-33BF-B164-250C279A9FD1}.Release|x64.Build.0 = Release|x64
		{1C843BDE-27FC-33BF-B164-250C279A9FD1}.MinSizeRel|x64.ActiveCfg = MinSizeRel|x64
		{1C843BDE-27FC-33BF-B164-250C279A9FD1}.MinSizeRel|x64.Build.0 = MinSizeRel|x64
		{1C843BDE-27FC-33BF-B164-250C279A9FD1}.RelWithDebInfo|x64.ActiveCfg = RelWithDebInfo|x64
		{1C843BDE-27FC-33BF-B164-250C279A9FD1}.RelWithDebInfo|x64.Build.0 = RelWithDebInfo|x64
		{2DA88BF4-E904-3095-9683-15B64B5442AC}.Debug|x64.ActiveCfg = Debug|x64
		{2DA88BF4-E904-3095-9683-15B64B5442AC}.Debug|x64.Build.0 = Debug|x64
		{2DA88BF4-E904-3095-9683-15B64B5442AC}.Release|x64.ActiveCfg = Release|x64
		{2DA88BF4-E904-3095-9683-15B64B5442AC}.Release|x64.Build.0 = Release|x64
		{2DA88BF4-E904-3095-9683-15B64B5442AC}.MinSizeRel|x64.ActiveCfg = MinSizeRel|x64
		{2DA88BF4-E904-3095-9683-15B64B5442AC}.MinSizeRel|x64.Build.0 = MinSizeRel|x64
		{2DA88BF4-E904-3095-9683-15B64B5442AC}.RelWithDebInfo|x64.ActiveCfg = RelWithDebInfo|x64
		{2DA88BF4-E904-3095-9683-15B64B5442AC}.RelWithDebInfo|x64.Build.0 = RelWithDebInfo|x64
		{B2F1AEF1-86F3-3EB1-B479-10C96EC120B6}.Debug|x64.ActiveCfg = Debug|x64
		{B2F1AEF1-86F3-3EB1-B479-10C96EC120B6}.Debug|x64.Build.0 = Debug|x64
		{B2F1AEF1-86F3-3EB1-B479-10C96EC120B6}.Release|x64.ActiveCfg = Release|x64
		{B2F1AEF1-86F3-3EB1-B479-10C96EC120B6}.Release|x64.Build.0 = Release|x64
		{B2F1AEF1-86F3-3EB1-B479-10C96EC120B6}.MinSizeRel|x64.ActiveCfg = MinSizeRel|x64
		{B2F1AEF1-86F3-3EB1-B479-10C96EC120B6}.MinSizeRel|x64.Build.0 = MinSizeRel|x64
		{B2F1AEF1-86F3-3EB1-B479-10C96EC120B6}.RelWithDebInfo|x64.ActiveCfg = RelWithDebInfo|x64
		{B2F1AEF1-86F3-3EB1-B479-10C96EC120B6}.RelWithDebInfo|x64.Build.0 = RelWithDebInfo|x64
		{4B7B8FF4-8783-3EFB-950A-E6FE998324D3}.Debug|x64.ActiveCfg = Debug|x64
		{4B7B8FF4-8783-3EFB-950A-E6FE998324D3}.Debug|x64.Build.0 = Debug|x64
		{4B7B8FF4-8783-3EFB-950A-E6FE998324D3}.Release|x64.ActiveCfg = Release|x64
		{4B7B8FF4-8783-3EFB-950A-E6FE998324D3}.Release|x64.Build.0 = Release|x64
		{4B7B8FF4-8783-3EFB-950A-E6FE998324D3}.MinSizeRel|x64.ActiveCfg = MinSizeRel|x64
		{4B7B8FF4-8783-3EFB-950A-E6FE998324D3}.MinSizeRel|x64.Build.0 = MinSizeRel|x64
		{4B7B8FF4-8783-3EFB-950A-E6FE998324D3}.RelWithDebInfo|x64.ActiveCfg = RelWithDebInfo|x64
		{4B7B8FF4-8783-3EFB-950A-E6FE998324D3}.RelWithDebInfo|x64.Build.0 = RelWithDebInfo|x64
		{931A3CB6-BF1C-33E2-AF59-3FFC2250EAD6}.Debug|x64.ActiveCfg = Debug|x64
		{931A3CB6-BF1C-33E2-AF59-3FFC2250EAD6}.Debug|x64.Build.0 = Debug|x64
		{931A3CB6-BF1C-33E2-AF59-3FFC2250EAD6}.Release|x64.ActiveCfg = Release|x64
		{931A3CB6-BF1C-33E2-AF59-3FFC2250EAD6}.Release|x64.Build.0 = Release|x64
		{931A3CB6-BF1C-33E2-AF59-3FFC2250EAD6}.MinSizeRel|x64.ActiveCfg = MinSizeRel|x64
		{931A3CB6-BF1C-33E2-AF59-3FFC2250EAD6}.MinSizeRel|x64.Build.0 = MinSizeRel|x64
		{931A3CB6-BF1C-33E2-AF59-3FFC2250EAD6}.RelWithDebInfo|x64.ActiveCfg = RelWithDebInfo|x64
		{931A3CB6-BF1C-33E2-AF59-3FFC2250EAD6}.RelWithDebInfo|x64.Build.0 = RelWithDebInfo|x64
		{141B95BD-B4C3-317A-BA41-F4A924386AD3}.Debug|x64.ActiveCfg = Debug|x64
		{141B95BD-B4C3-317A-BA41-F4A924386AD3}.Debug|x64.Build.0 = Debug|x64
		{141B95BD-B4C3-317A-BA41-F4A924386AD3}.Release|x64.ActiveCfg = Release|x64
		{141B95BD-B4C3-317A-BA41-F4A924386AD3}.Release|x64.Build.0 = Release|x64
		{141B95BD-B4C3-317A-BA41-F4A924386AD3}.MinSizeRel|x64.ActiveCfg = MinSizeRel|x64
		{141B95BD-B4C3-317A-BA41-F4A924386AD3}.MinSizeRel|x64.Build.0 = MinSizeRel|x64
		{141B95BD-B4C3-317A-BA41-F4A924386AD3}.RelWithDebInfo|x64.ActiveCfg = RelWithDebInfo|x64
		{141B95BD-B4C3-317A-BA41-F4A924386AD3}.RelWithDebInfo|x64.Build.0 = RelWithDebInfo|x64
		{30BBE068-2F8F-3E65-8F2B-A9E0DE76A8C3}.Debug|x64.ActiveCfg = Debug|x64
		{30BBE068-2F8F-3E65-8F2B-A9E0DE76A8C3}.Debug|x64.Build.0 = Debug|x64
		{30BBE068-2F8F-3E65-8F2B-A9E0DE76A8C3}.Release|x64.ActiveCfg = Release|x64
		{30BBE068-2F8F-3E65-8F2B-A9E0DE76A8C3}.Release|x64.Build.0 = Release|x64
		{30BBE068-2F8F-3E65-8F2B-A9E0DE76A8C3}.MinSizeRel|x64.ActiveCfg = MinSizeRel|x64
		{30BBE068-2F8F-3E65-8F2B-A9E0DE76A8C3}.MinSizeRel|x64.Build.0 = MinSizeRel|x64
		{30BBE068-2F8F-3E65-8F2B-A9E0DE76A8C3}.RelWithDebInfo|x64.ActiveCfg = RelWithDebInfo|x64
		{30BBE068-2F8F-3E65-8F2B-A9E0DE76A8C3}.RelWithDebInfo|x64.Build.0 = RelWithDebInfo|x64
		{38FD0DAC-751A-3364-8AEA-794A98B279FD}.Debug|x64.ActiveCfg = Debug|x64
		{38FD0DAC-751A-3364-8AEA-794A98B279FD}.Debug|x64.Build.0 = Debug|x64
		{38FD0DAC-751A-3364-8AEA-794A98B279FD}.Release|x64.ActiveCfg = Release|x64
		{38FD0DAC-751A-3364-8AEA-794A98B279FD}.Release|x64.Build.0 = Release|x64
		{38FD0DAC-751A-3364-8AEA-794A98B279FD}.MinSizeRel|x64.ActiveCfg = MinSizeRel|x64
		{38FD0DAC-751A-3364-8AEA-794A98B279FD}.MinSizeRel|x64.Build.0 = MinSizeRel|x64
		{38FD0DAC-751A-3364-8AEA-794A98B279FD}.RelWithDebInfo|x64.ActiveCfg = RelWithDebInfo|x64
		{38FD0DAC-751A-3364-8AEA-794A98B279FD}.RelWithDebInfo|x64.Build.0 = RelWithDebInfo|x64
		{B161A311-79B6-3B19-AF21-9AF3610AECAE}.Debug|x64.ActiveCfg = Debug|x64
		{B161A311-79B6-3B19-AF21-9AF3610AECAE}.Debug|x64.Build.0 = Debug|x64
		{B161A311-79B6-3B19-AF21-9AF3610AECAE}.Release|x64.ActiveCfg = Release|x64
		{B161A311-79B6-3B19-AF21-9AF3610AECAE}.Release|x64.Build.0 = Release|x64
		{B161A311-79B6-3B19-AF21-9AF3610AECAE}.MinSizeRel|x64.ActiveCfg = MinSizeRel|x64
		{B161A311-79B6-3B19-AF21-9AF3610AECAE}.MinSizeRel|x64.Build.0 = MinSizeRel|x64
		{B161A311-79B6-3B19-AF21-9AF3610AECAE}.RelWithDebInfo|x64.ActiveCfg = RelWithDebInfo|x64
		{B161A311-79B6-3B19-AF21-9AF3610AECAE}.RelWithDebInfo|x64.Build.0 = RelWithDebInfo|x64
	EndGlobalSection
	GlobalSection(ExtensibilityGlobals) = postSolution
		SolutionGuid = {4EE113EC-A114-344A-99EF-4C9EC63FB8E2}
	EndGlobalSection
	GlobalSection(ExtensibilityAddIns) = postSolution
	EndGlobalSection
EndGlobal
