<?xml version="1.0" encoding="utf-8"?>
<Project ToolsVersion="16.0" xmlns="http://schemas.microsoft.com/developer/msbuild/2003">
  <ItemGroup>
    <ClCompile Include="C:\Users\jachu\Downloads\draco-master\draco-master\src\draco\compression\attributes\prediction_schemes\prediction_scheme_encoder_factory.cc">
      <Filter>Source Files</Filter>
    </ClCompile>
  </ItemGroup>
  <ItemGroup>
    <ClInclude Include="C:\Users\jachu\Downloads\draco-master\draco-master\src\draco\compression\attributes\prediction_schemes\mesh_prediction_scheme_constrained_multi_parallelogram_encoder.h">
      <Filter>Header Files</Filter>
    </ClInclude>
    <ClInclude Include="C:\Users\jachu\Downloads\draco-master\draco-master\src\draco\compression\attributes\prediction_schemes\mesh_prediction_scheme_constrained_multi_parallelogram_shared.h">
      <Filter>Header Files</Filter>
    </ClInclude>
    <ClInclude Include="C:\Users\jachu\Downloads\draco-master\draco-master\src\draco\compression\attributes\prediction_schemes\mesh_prediction_scheme_data.h">
      <Filter>Header Files</Filter>
    </ClInclude>
    <ClInclude Include="C:\Users\jachu\Downloads\draco-master\draco-master\src\draco\compression\attributes\prediction_schemes\mesh_prediction_scheme_encoder.h">
      <Filter>Header Files</Filter>
    </ClInclude>
    <ClInclude Include="C:\Users\jachu\Downloads\draco-master\draco-master\src\draco\compression\attributes\prediction_schemes\mesh_prediction_scheme_geometric_normal_encoder.h">
      <Filter>Header Files</Filter>
    </ClInclude>
    <ClInclude Include="C:\Users\jachu\Downloads\draco-master\draco-master\src\draco\compression\attributes\prediction_schemes\mesh_prediction_scheme_geometric_normal_predictor_area.h">
      <Filter>Header Files</Filter>
    </ClInclude>
    <ClInclude Include="C:\Users\jachu\Downloads\draco-master\draco-master\src\draco\compression\attributes\prediction_schemes\mesh_prediction_scheme_geometric_normal_predictor_base.h">
      <Filter>Header Files</Filter>
    </ClInclude>
    <ClInclude Include="C:\Users\jachu\Downloads\draco-master\draco-master\src\draco\compression\attributes\prediction_schemes\mesh_prediction_scheme_multi_parallelogram_encoder.h">
      <Filter>Header Files</Filter>
    </ClInclude>
    <ClInclude Include="C:\Users\jachu\Downloads\draco-master\draco-master\src\draco\compression\attributes\prediction_schemes\mesh_prediction_scheme_parallelogram_encoder.h">
      <Filter>Header Files</Filter>
    </ClInclude>
    <ClInclude Include="C:\Users\jachu\Downloads\draco-master\draco-master\src\draco\compression\attributes\prediction_schemes\mesh_prediction_scheme_parallelogram_shared.h">
      <Filter>Header Files</Filter>
    </ClInclude>
    <ClInclude Include="C:\Users\jachu\Downloads\draco-master\draco-master\src\draco\compression\attributes\prediction_schemes\mesh_prediction_scheme_tex_coords_encoder.h">
      <Filter>Header Files</Filter>
    </ClInclude>
    <ClInclude Include="C:\Users\jachu\Downloads\draco-master\draco-master\src\draco\compression\attributes\prediction_schemes\mesh_prediction_scheme_tex_coords_portable_encoder.h">
      <Filter>Header Files</Filter>
    </ClInclude>
    <ClInclude Include="C:\Users\jachu\Downloads\draco-master\draco-master\src\draco\compression\attributes\prediction_schemes\mesh_prediction_scheme_tex_coords_portable_predictor.h">
      <Filter>Header Files</Filter>
    </ClInclude>
    <ClInclude Include="C:\Users\jachu\Downloads\draco-master\draco-master\src\draco\compression\attributes\prediction_schemes\prediction_scheme_delta_encoder.h">
      <Filter>Header Files</Filter>
    </ClInclude>
    <ClInclude Include="C:\Users\jachu\Downloads\draco-master\draco-master\src\draco\compression\attributes\prediction_schemes\prediction_scheme_encoder.h">
      <Filter>Header Files</Filter>
    </ClInclude>
    <ClInclude Include="C:\Users\jachu\Downloads\draco-master\draco-master\src\draco\compression\attributes\prediction_schemes\prediction_scheme_encoder_factory.h">
      <Filter>Header Files</Filter>
    </ClInclude>
    <ClInclude Include="C:\Users\jachu\Downloads\draco-master\draco-master\src\draco\compression\attributes\prediction_schemes\prediction_scheme_encoder_interface.h">
      <Filter>Header Files</Filter>
    </ClInclude>
    <ClInclude Include="C:\Users\jachu\Downloads\draco-master\draco-master\src\draco\compression\attributes\prediction_schemes\prediction_scheme_encoding_transform.h">
      <Filter>Header Files</Filter>
    </ClInclude>
    <ClInclude Include="C:\Users\jachu\Downloads\draco-master\draco-master\src\draco\compression\attributes\prediction_schemes\prediction_scheme_factory.h">
      <Filter>Header Files</Filter>
    </ClInclude>
    <ClInclude Include="C:\Users\jachu\Downloads\draco-master\draco-master\src\draco\compression\attributes\prediction_schemes\prediction_scheme_interface.h">
      <Filter>Header Files</Filter>
    </ClInclude>
    <ClInclude Include="C:\Users\jachu\Downloads\draco-master\draco-master\src\draco\compression\attributes\prediction_schemes\prediction_scheme_normal_octahedron_canonicalized_encoding_transform.h">
      <Filter>Header Files</Filter>
    </ClInclude>
    <ClInclude Include="C:\Users\jachu\Downloads\draco-master\draco-master\src\draco\compression\attributes\prediction_schemes\prediction_scheme_normal_octahedron_canonicalized_transform_base.h">
      <Filter>Header Files</Filter>
    </ClInclude>
    <ClInclude Include="C:\Users\jachu\Downloads\draco-master\draco-master\src\draco\compression\attributes\prediction_schemes\prediction_scheme_normal_octahedron_encoding_transform.h">
      <Filter>Header Files</Filter>
    </ClInclude>
    <ClInclude Include="C:\Users\jachu\Downloads\draco-master\draco-master\src\draco\compression\attributes\prediction_schemes\prediction_scheme_normal_octahedron_transform_base.h">
      <Filter>Header Files</Filter>
    </ClInclude>
    <ClInclude Include="C:\Users\jachu\Downloads\draco-master\draco-master\src\draco\compression\attributes\prediction_schemes\prediction_scheme_wrap_encoding_transform.h">
      <Filter>Header Files</Filter>
    </ClInclude>
    <ClInclude Include="C:\Users\jachu\Downloads\draco-master\draco-master\src\draco\compression\attributes\prediction_schemes\prediction_scheme_wrap_transform_base.h">
      <Filter>Header Files</Filter>
    </ClInclude>
  </ItemGroup>
  <ItemGroup>
    <CustomBuild Include="C:\Users\jachu\Downloads\draco-master\draco-master\CMakeLists.txt" />
  </ItemGroup>
  <ItemGroup>
    <Filter Include="Header Files">
      <UniqueIdentifier>{49E20499-AE41-377A-A871-E020A772C9D2}</UniqueIdentifier>
    </Filter>
    <Filter Include="Source Files">
      <UniqueIdentifier>{C8F31FB8-F1A1-3318-94E9-47C2E5E8E5D8}</UniqueIdentifier>
    </Filter>
  </ItemGroup>
</Project>
