<?xml version="1.0" encoding="utf-8"?>
<Project ToolsVersion="16.0" xmlns="http://schemas.microsoft.com/developer/msbuild/2003">
  <ItemGroup>
    <ClCompile Include="C:\Users\jachu\Downloads\draco-1.2.0\draco_version.cc">
      <Filter>Source Files</Filter>
    </ClCompile>
  </ItemGroup>
  <ItemGroup>
    <ClInclude Include="C:\Users\jachu\Downloads\draco-1.2.0\draco_version.h">
      <Filter>Header Files</Filter>
    </ClInclude>
  </ItemGroup>
  <ItemGroup>
    <CustomBuild Include="C:\Users\jachu\Downloads\draco-1.2.0\draco-1.2.0\CMakeLists.txt" />
  </ItemGroup>
  <ItemGroup>
    <Object Include="C:\Users\jachu\Downloads\draco-1.2.0\draco_attributes.dir\$(Configuration)\attribute_octahedron_transform.obj">
      <Filter>Object Libraries</Filter>
    </Object>
    <Object Include="C:\Users\jachu\Downloads\draco-1.2.0\draco_attributes.dir\$(Configuration)\attribute_quantization_transform.obj">
      <Filter>Object Libraries</Filter>
    </Object>
    <Object Include="C:\Users\jachu\Downloads\draco-1.2.0\draco_attributes.dir\$(Configuration)\attribute_transform.obj">
      <Filter>Object Libraries</Filter>
    </Object>
    <Object Include="C:\Users\jachu\Downloads\draco-1.2.0\draco_attributes.dir\$(Configuration)\geometry_attribute.obj">
      <Filter>Object Libraries</Filter>
    </Object>
    <Object Include="C:\Users\jachu\Downloads\draco-1.2.0\draco_attributes.dir\$(Configuration)\point_attribute.obj">
      <Filter>Object Libraries</Filter>
    </Object>
    <Object Include="C:\Users\jachu\Downloads\draco-1.2.0\draco_compression_attributes_dec.dir\$(Configuration)\attributes_decoder.obj">
      <Filter>Object Libraries</Filter>
    </Object>
    <Object Include="C:\Users\jachu\Downloads\draco-1.2.0\draco_compression_attributes_dec.dir\$(Configuration)\kd_tree_attributes_decoder.obj">
      <Filter>Object Libraries</Filter>
    </Object>
    <Object Include="C:\Users\jachu\Downloads\draco-1.2.0\draco_compression_attributes_dec.dir\$(Configuration)\sequential_attribute_decoder.obj">
      <Filter>Object Libraries</Filter>
    </Object>
    <Object Include="C:\Users\jachu\Downloads\draco-1.2.0\draco_compression_attributes_dec.dir\$(Configuration)\sequential_attribute_decoders_controller.obj">
      <Filter>Object Libraries</Filter>
    </Object>
    <Object Include="C:\Users\jachu\Downloads\draco-1.2.0\draco_compression_attributes_dec.dir\$(Configuration)\sequential_integer_attribute_decoder.obj">
      <Filter>Object Libraries</Filter>
    </Object>
    <Object Include="C:\Users\jachu\Downloads\draco-1.2.0\draco_compression_attributes_dec.dir\$(Configuration)\sequential_normal_attribute_decoder.obj">
      <Filter>Object Libraries</Filter>
    </Object>
    <Object Include="C:\Users\jachu\Downloads\draco-1.2.0\draco_compression_attributes_dec.dir\$(Configuration)\sequential_quantization_attribute_decoder.obj">
      <Filter>Object Libraries</Filter>
    </Object>
    <Object Include="C:\Users\jachu\Downloads\draco-1.2.0\draco_compression_decode.dir\$(Configuration)\decode.obj">
      <Filter>Object Libraries</Filter>
    </Object>
    <Object Include="C:\Users\jachu\Downloads\draco-1.2.0\draco_compression_mesh_dec.dir\$(Configuration)\mesh_decoder.obj">
      <Filter>Object Libraries</Filter>
    </Object>
    <Object Include="C:\Users\jachu\Downloads\draco-1.2.0\draco_compression_mesh_dec.dir\$(Configuration)\mesh_edgebreaker_decoder.obj">
      <Filter>Object Libraries</Filter>
    </Object>
    <Object Include="C:\Users\jachu\Downloads\draco-1.2.0\draco_compression_mesh_dec.dir\$(Configuration)\mesh_edgebreaker_decoder_impl.obj">
      <Filter>Object Libraries</Filter>
    </Object>
    <Object Include="C:\Users\jachu\Downloads\draco-1.2.0\draco_compression_mesh_dec.dir\$(Configuration)\mesh_sequential_decoder.obj">
      <Filter>Object Libraries</Filter>
    </Object>
    <Object Include="C:\Users\jachu\Downloads\draco-1.2.0\draco_compression_point_cloud_dec.dir\$(Configuration)\point_cloud_decoder.obj">
      <Filter>Object Libraries</Filter>
    </Object>
    <Object Include="C:\Users\jachu\Downloads\draco-1.2.0\draco_compression_point_cloud_dec.dir\$(Configuration)\point_cloud_kd_tree_decoder.obj">
      <Filter>Object Libraries</Filter>
    </Object>
    <Object Include="C:\Users\jachu\Downloads\draco-1.2.0\draco_compression_point_cloud_dec.dir\$(Configuration)\point_cloud_sequential_decoder.obj">
      <Filter>Object Libraries</Filter>
    </Object>
    <Object Include="C:\Users\jachu\Downloads\draco-1.2.0\draco_core.dir\$(Configuration)\cycle_timer.obj">
      <Filter>Object Libraries</Filter>
    </Object>
    <Object Include="C:\Users\jachu\Downloads\draco-1.2.0\draco_core.dir\$(Configuration)\data_buffer.obj">
      <Filter>Object Libraries</Filter>
    </Object>
    <Object Include="C:\Users\jachu\Downloads\draco-1.2.0\draco_core.dir\$(Configuration)\decoder_buffer.obj">
      <Filter>Object Libraries</Filter>
    </Object>
    <Object Include="C:\Users\jachu\Downloads\draco-1.2.0\draco_core.dir\$(Configuration)\divide.obj">
      <Filter>Object Libraries</Filter>
    </Object>
    <Object Include="C:\Users\jachu\Downloads\draco-1.2.0\draco_core.dir\$(Configuration)\draco_types.obj">
      <Filter>Object Libraries</Filter>
    </Object>
    <Object Include="C:\Users\jachu\Downloads\draco-1.2.0\draco_core.dir\$(Configuration)\encoder_buffer.obj">
      <Filter>Object Libraries</Filter>
    </Object>
    <Object Include="C:\Users\jachu\Downloads\draco-1.2.0\draco_core.dir\$(Configuration)\hash_utils.obj">
      <Filter>Object Libraries</Filter>
    </Object>
    <Object Include="C:\Users\jachu\Downloads\draco-1.2.0\draco_core.dir\$(Configuration)\options.obj">
      <Filter>Object Libraries</Filter>
    </Object>
    <Object Include="C:\Users\jachu\Downloads\draco-1.2.0\draco_core.dir\$(Configuration)\quantization_utils.obj">
      <Filter>Object Libraries</Filter>
    </Object>
    <Object Include="C:\Users\jachu\Downloads\draco-1.2.0\draco_core.dir\$(Configuration)\shannon_entropy.obj">
      <Filter>Object Libraries</Filter>
    </Object>
    <Object Include="C:\Users\jachu\Downloads\draco-1.2.0\draco_core.dir\$(Configuration)\symbol_coding_utils.obj">
      <Filter>Object Libraries</Filter>
    </Object>
    <Object Include="C:\Users\jachu\Downloads\draco-1.2.0\draco_core.dir\$(Configuration)\symbol_decoding.obj">
      <Filter>Object Libraries</Filter>
    </Object>
    <Object Include="C:\Users\jachu\Downloads\draco-1.2.0\draco_core.dir\$(Configuration)\symbol_encoding.obj">
      <Filter>Object Libraries</Filter>
    </Object>
    <Object Include="C:\Users\jachu\Downloads\draco-1.2.0\draco_core_bit_coders.dir\$(Configuration)\adaptive_rans_bit_decoder.obj">
      <Filter>Object Libraries</Filter>
    </Object>
    <Object Include="C:\Users\jachu\Downloads\draco-1.2.0\draco_core_bit_coders.dir\$(Configuration)\adaptive_rans_bit_encoder.obj">
      <Filter>Object Libraries</Filter>
    </Object>
    <Object Include="C:\Users\jachu\Downloads\draco-1.2.0\draco_core_bit_coders.dir\$(Configuration)\direct_bit_decoder.obj">
      <Filter>Object Libraries</Filter>
    </Object>
    <Object Include="C:\Users\jachu\Downloads\draco-1.2.0\draco_core_bit_coders.dir\$(Configuration)\direct_bit_encoder.obj">
      <Filter>Object Libraries</Filter>
    </Object>
    <Object Include="C:\Users\jachu\Downloads\draco-1.2.0\draco_core_bit_coders.dir\$(Configuration)\rans_bit_decoder.obj">
      <Filter>Object Libraries</Filter>
    </Object>
    <Object Include="C:\Users\jachu\Downloads\draco-1.2.0\draco_core_bit_coders.dir\$(Configuration)\rans_bit_encoder.obj">
      <Filter>Object Libraries</Filter>
    </Object>
    <Object Include="C:\Users\jachu\Downloads\draco-1.2.0\draco_core_bit_coders.dir\$(Configuration)\symbol_bit_decoder.obj">
      <Filter>Object Libraries</Filter>
    </Object>
    <Object Include="C:\Users\jachu\Downloads\draco-1.2.0\draco_core_bit_coders.dir\$(Configuration)\symbol_bit_encoder.obj">
      <Filter>Object Libraries</Filter>
    </Object>
    <Object Include="C:\Users\jachu\Downloads\draco-1.2.0\draco_dec_config.dir\$(Configuration)\draco_dec_config.obj">
      <Filter>Object Libraries</Filter>
    </Object>
    <Object Include="C:\Users\jachu\Downloads\draco-1.2.0\draco_io.dir\$(Configuration)\mesh_io.obj">
      <Filter>Object Libraries</Filter>
    </Object>
    <Object Include="C:\Users\jachu\Downloads\draco-1.2.0\draco_io.dir\$(Configuration)\obj_decoder.obj">
      <Filter>Object Libraries</Filter>
    </Object>
    <Object Include="C:\Users\jachu\Downloads\draco-1.2.0\draco_io.dir\$(Configuration)\obj_encoder.obj">
      <Filter>Object Libraries</Filter>
    </Object>
    <Object Include="C:\Users\jachu\Downloads\draco-1.2.0\draco_io.dir\$(Configuration)\parser_utils.obj">
      <Filter>Object Libraries</Filter>
    </Object>
    <Object Include="C:\Users\jachu\Downloads\draco-1.2.0\draco_io.dir\$(Configuration)\ply_decoder.obj">
      <Filter>Object Libraries</Filter>
    </Object>
    <Object Include="C:\Users\jachu\Downloads\draco-1.2.0\draco_io.dir\$(Configuration)\ply_encoder.obj">
      <Filter>Object Libraries</Filter>
    </Object>
    <Object Include="C:\Users\jachu\Downloads\draco-1.2.0\draco_io.dir\$(Configuration)\ply_reader.obj">
      <Filter>Object Libraries</Filter>
    </Object>
    <Object Include="C:\Users\jachu\Downloads\draco-1.2.0\draco_io.dir\$(Configuration)\point_cloud_io.obj">
      <Filter>Object Libraries</Filter>
    </Object>
    <Object Include="C:\Users\jachu\Downloads\draco-1.2.0\draco_mesh.dir\$(Configuration)\corner_table.obj">
      <Filter>Object Libraries</Filter>
    </Object>
    <Object Include="C:\Users\jachu\Downloads\draco-1.2.0\draco_mesh.dir\$(Configuration)\mesh.obj">
      <Filter>Object Libraries</Filter>
    </Object>
    <Object Include="C:\Users\jachu\Downloads\draco-1.2.0\draco_mesh.dir\$(Configuration)\mesh_are_equivalent.obj">
      <Filter>Object Libraries</Filter>
    </Object>
    <Object Include="C:\Users\jachu\Downloads\draco-1.2.0\draco_mesh.dir\$(Configuration)\mesh_attribute_corner_table.obj">
      <Filter>Object Libraries</Filter>
    </Object>
    <Object Include="C:\Users\jachu\Downloads\draco-1.2.0\draco_mesh.dir\$(Configuration)\mesh_cleanup.obj">
      <Filter>Object Libraries</Filter>
    </Object>
    <Object Include="C:\Users\jachu\Downloads\draco-1.2.0\draco_mesh.dir\$(Configuration)\mesh_misc_functions.obj">
      <Filter>Object Libraries</Filter>
    </Object>
    <Object Include="C:\Users\jachu\Downloads\draco-1.2.0\draco_mesh.dir\$(Configuration)\mesh_stripifier.obj">
      <Filter>Object Libraries</Filter>
    </Object>
    <Object Include="C:\Users\jachu\Downloads\draco-1.2.0\draco_mesh.dir\$(Configuration)\triangle_soup_mesh_builder.obj">
      <Filter>Object Libraries</Filter>
    </Object>
    <Object Include="C:\Users\jachu\Downloads\draco-1.2.0\draco_metadata.dir\$(Configuration)\geometry_metadata.obj">
      <Filter>Object Libraries</Filter>
    </Object>
    <Object Include="C:\Users\jachu\Downloads\draco-1.2.0\draco_metadata.dir\$(Configuration)\metadata.obj">
      <Filter>Object Libraries</Filter>
    </Object>
    <Object Include="C:\Users\jachu\Downloads\draco-1.2.0\draco_metadata_dec.dir\$(Configuration)\metadata_decoder.obj">
      <Filter>Object Libraries</Filter>
    </Object>
    <Object Include="C:\Users\jachu\Downloads\draco-1.2.0\draco_point_cloud.dir\$(Configuration)\point_cloud.obj">
      <Filter>Object Libraries</Filter>
    </Object>
    <Object Include="C:\Users\jachu\Downloads\draco-1.2.0\draco_point_cloud.dir\$(Configuration)\point_cloud_builder.obj">
      <Filter>Object Libraries</Filter>
    </Object>
    <Object Include="C:\Users\jachu\Downloads\draco-1.2.0\draco_points_dec.dir\$(Configuration)\dynamic_integer_points_kd_tree_decoder.obj">
      <Filter>Object Libraries</Filter>
    </Object>
    <Object Include="C:\Users\jachu\Downloads\draco-1.2.0\draco_points_dec.dir\$(Configuration)\float_points_tree_decoder.obj">
      <Filter>Object Libraries</Filter>
    </Object>
  </ItemGroup>
  <ItemGroup>
    <Filter Include="Header Files">
      <UniqueIdentifier>{55FDC50C-BA74-35A1-AA81-181F9552D62E}</UniqueIdentifier>
    </Filter>
    <Filter Include="Object Libraries">
      <UniqueIdentifier>{E414D901-F659-304A-9DF5-7E681FFE3ABA}</UniqueIdentifier>
    </Filter>
    <Filter Include="Source Files">
      <UniqueIdentifier>{45A56D12-F897-373D-AC92-8226CD3D956A}</UniqueIdentifier>
    </Filter>
  </ItemGroup>
</Project>
