<?xml version="1.0" encoding="utf-8"?>
<Project ToolsVersion="16.0" xmlns="http://schemas.microsoft.com/developer/msbuild/2003">
  <ItemGroup>
    <CustomBuild Include="C:\Users\jachu\Downloads\draco-1.2.0\CMakeFiles\ff35455ae6cfe3d8954e9555a2cacd6b\generate.stamp.rule">
      <Filter>CMake Rules</Filter>
    </CustomBuild>
  </ItemGroup>
  <ItemGroup>
    <Filter Include="CMake Rules">
      <UniqueIdentifier>{72A9D581-3D74-3E37-8ACC-2449DFC52C00}</UniqueIdentifier>
    </Filter>
  </ItemGroup>
</Project>
